// !$*UTF8*$!
{
	archiveVersion = 1;
	classes = {
	};
	objectVersion = 77;
	objects = {

/* Begin PBXBuildFile section */
		4F092E802DB5248200FA334C /* OnboardingHabitsView.swift in Sources */ = {isa = PBXBuildFile; fileRef = 4F092E7A2DB5248200FA334C /* OnboardingHabitsView.swift */; };
		4F092E812DB5248200FA334C /* OnboardingView.swift in Sources */ = {isa = PBXBuildFile; fileRef = 4F092E7E2DB5248200FA334C /* OnboardingView.swift */; };
		4F092E822DB5248200FA334C /* OnboardingIntroView.swift in Sources */ = {isa = PBXBuildFile; fileRef = 4F092E7B2DB5248200FA334C /* OnboardingIntroView.swift */; };
		4F092E832DB5248200FA334C /* OnboardingSubscriptionView.swift in Sources */ = {isa = PBXBuildFile; fileRef = 4F092E7D2DB5248200FA334C /* OnboardingSubscriptionView.swift */; };
		4F092E842DB5248200FA334C /* OnboardingPreview.swift in Sources */ = {isa = PBXBuildFile; fileRef = 4F092E7C2DB5248200FA334C /* OnboardingPreview.swift */; };
		4F092E862DB5315C00FA334C /* AppIcon.swift in Sources */ = {isa = PBXBuildFile; fileRef = 4F092E852DB5315800FA334C /* AppIcon.swift */; };
		4F092E872DB5315C00FA334C /* AppIcon.swift in Sources */ = {isa = PBXBuildFile; fileRef = 4F092E852DB5315800FA334C /* AppIcon.swift */; };
		4F28D9D42DB57CF0000D9807 /* Localizable.strings in Resources */ = {isa = PBXBuildFile; fileRef = 4F28D9D22DB57CF0000D9807 /* Localizable.strings */; };
		4F28D9D52DB57CF0000D9807 /* Localizable.strings in Resources */ = {isa = PBXBuildFile; fileRef = 4F28D9D22DB57CF0000D9807 /* Localizable.strings */; };
		4F28D9D72DB57D23000D9807 /* HealthActivityTemplate.swift in Sources */ = {isa = PBXBuildFile; fileRef = 4F28D9D62DB57D23000D9807 /* HealthActivityTemplate.swift */; };
		4F28D9D82DB57D23000D9807 /* HealthActivityTemplate.swift in Sources */ = {isa = PBXBuildFile; fileRef = 4F28D9D62DB57D23000D9807 /* HealthActivityTemplate.swift */; };
		4F28D9DA2DB583E1000D9807 /* ActivityTypePickerView.swift in Sources */ = {isa = PBXBuildFile; fileRef = 4F28D9D92DB583E1000D9807 /* ActivityTypePickerView.swift */; };
		4F28D9DC2DB5928C000D9807 /* Notification.swift in Sources */ = {isa = PBXBuildFile; fileRef = 4F28D9DB2DB59286000D9807 /* Notification.swift */; };
		4F28D9DD2DB5928C000D9807 /* Notification.swift in Sources */ = {isa = PBXBuildFile; fileRef = 4F28D9DB2DB59286000D9807 /* Notification.swift */; };
		4F28D9E02DB5C5B6000D9807 /* MyDailyHabitsTracker.storekit in Resources */ = {isa = PBXBuildFile; fileRef = 4F28D9DF2DB5C5B6000D9807 /* MyDailyHabitsTracker.storekit */; };
		4F28D9E32DB64617000D9807 /* Localizable.stringsdict in Resources */ = {isa = PBXBuildFile; fileRef = 4F28D9E12DB64617000D9807 /* Localizable.stringsdict */; };
		4F28D9E42DB64617000D9807 /* Localizable.stringsdict in Resources */ = {isa = PBXBuildFile; fileRef = 4F28D9E12DB64617000D9807 /* Localizable.stringsdict */; };
		4F28D9E72DB66081000D9807 /* StoreManager.swift in Sources */ = {isa = PBXBuildFile; fileRef = 4F28D9E52DB66081000D9807 /* StoreManager.swift */; };
		4F28D9E82DB66081000D9807 /* SubscriptionService.swift in Sources */ = {isa = PBXBuildFile; fileRef = 4F28D9E62DB66081000D9807 /* SubscriptionService.swift */; };
		4F28D9EB2DB7A77A000D9807 /* RainbowUI in Frameworks */ = {isa = PBXBuildFile; productRef = 4F28D9EA2DB7A77A000D9807 /* RainbowUI */; };
		4F46FB502DC7D54300627B71 /* StoreKit.framework in Frameworks */ = {isa = PBXBuildFile; fileRef = 4F46FB4F2DC7D54300627B71 /* StoreKit.framework */; };
		4F46FB532DC7D68700627B71 /* RainbowUI in Frameworks */ = {isa = PBXBuildFile; productRef = 4F46FB522DC7D68700627B71 /* RainbowUI */; };
		4F46FB552DC8F97700627B71 /* PurchaseSubscriptionView.swift in Sources */ = {isa = PBXBuildFile; fileRef = 4F46FB542DC8F97700627B71 /* PurchaseSubscriptionView.swift */; };
		4F6D4AE72DA856920018448A /* AchievementTests.swift in Sources */ = {isa = PBXBuildFile; fileRef = 4F6D4AE52DA856920018448A /* AchievementTests.swift */; };
		4F83019B2DAFBB990015ED4D /* ExportImportData.swift in Sources */ = {isa = PBXBuildFile; fileRef = 4F83019A2DAFBB880015ED4D /* ExportImportData.swift */; };
		4F83019C2DAFBB990015ED4D /* ExportImportData.swift in Sources */ = {isa = PBXBuildFile; fileRef = 4F83019A2DAFBB880015ED4D /* ExportImportData.swift */; };
		4F83019E2DAFBF940015ED4D /* ExportImportTests.swift in Sources */ = {isa = PBXBuildFile; fileRef = 4F83019D2DAFBF940015ED4D /* ExportImportTests.swift */; };
		4F8301A02DAFDD920015ED4D /* HabitTracker_Export.json in Resources */ = {isa = PBXBuildFile; fileRef = 4F83019F2DAFDD920015ED4D /* HabitTracker_Export.json */; };
		4F8613812DB0FAC10005A15A /* ModelData+Achievement.swift in Sources */ = {isa = PBXBuildFile; fileRef = D25AED9A2D9C828E009C4B7B /* ModelData+Achievement.swift */; };
		4F8613832DB1110B0005A15A /* SchemaV4.swift in Sources */ = {isa = PBXBuildFile; fileRef = 4F8613822DB1110B0005A15A /* SchemaV4.swift */; };
		4F8613842DB1110B0005A15A /* SchemaV4.swift in Sources */ = {isa = PBXBuildFile; fileRef = 4F8613822DB1110B0005A15A /* SchemaV4.swift */; };
		4F86138A2DB1354C0005A15A /* MigrationTests.swift in Sources */ = {isa = PBXBuildFile; fileRef = 4F8613892DB1354C0005A15A /* MigrationTests.swift */; };
		4F86138C2DB278F00005A15A /* ModelData+targetCount.swift in Sources */ = {isa = PBXBuildFile; fileRef = 4F86138B2DB278F00005A15A /* ModelData+targetCount.swift */; };
		4F86138D2DB278F00005A15A /* ModelData+targetCount.swift in Sources */ = {isa = PBXBuildFile; fileRef = 4F86138B2DB278F00005A15A /* ModelData+targetCount.swift */; };
		4F8613912DB2FB530005A15A /* TimelineView.swift in Sources */ = {isa = PBXBuildFile; fileRef = 4F8613902DB2FB530005A15A /* TimelineView.swift */; };
		4F8613962DB3FC1C0005A15A /* TimelineConnector.swift in Sources */ = {isa = PBXBuildFile; fileRef = 4F8613922DB3FC1C0005A15A /* TimelineConnector.swift */; };
		4F8613972DB3FC1C0005A15A /* TimelineModels.swift in Sources */ = {isa = PBXBuildFile; fileRef = 4F8613952DB3FC1C0005A15A /* TimelineModels.swift */; };
		4F8613982DB3FC1C0005A15A /* TimelineEntryView.swift in Sources */ = {isa = PBXBuildFile; fileRef = 4F8613942DB3FC1C0005A15A /* TimelineEntryView.swift */; };
		4F8613992DB3FC1C0005A15A /* TimelineDayGroup.swift in Sources */ = {isa = PBXBuildFile; fileRef = 4F8613932DB3FC1C0005A15A /* TimelineDayGroup.swift */; };
		4FAA66F62DAD9EC200586FC4 /* achive-sound-2.caf in Resources */ = {isa = PBXBuildFile; fileRef = 4FAA66F22DAD9EC200586FC4 /* achive-sound-2.caf */; };
		4FAA66F72DAD9EC200586FC4 /* achive-sound-3.caf in Resources */ = {isa = PBXBuildFile; fileRef = 4FAA66F32DAD9EC200586FC4 /* achive-sound-3.caf */; };
		4FAA66F82DAD9EC200586FC4 /* achive-sound-1.caf in Resources */ = {isa = PBXBuildFile; fileRef = 4FAA66F12DAD9EC200586FC4 /* achive-sound-1.caf */; };
		4FAA66F92DAD9EC200586FC4 /* achive-sound-4.caf in Resources */ = {isa = PBXBuildFile; fileRef = 4FAA66F42DAD9EC200586FC4 /* achive-sound-4.caf */; };
		4FAA66FA2DAD9EC200586FC4 /* achive-sound-5.caf in Resources */ = {isa = PBXBuildFile; fileRef = 4FAA66F52DAD9EC200586FC4 /* achive-sound-5.caf */; };
		D203113E2D3F1A0300EC980F /* ConfettiSwiftUI in Frameworks */ = {isa = PBXBuildFile; productRef = D203113D2D3F1A0300EC980F /* ConfettiSwiftUI */; };
		D21E00F92DA5CEC100F92490 /* ConfettiSwiftUI in Frameworks */ = {isa = PBXBuildFile; productRef = D21E00F82DA5CEC100F92490 /* ConfettiSwiftUI */; };
		D25246282D370615003CEBF9 /* WidgetKit.framework in Frameworks */ = {isa = PBXBuildFile; fileRef = D2CFF5642D35ABE200D09F01 /* WidgetKit.framework */; };
		D25246292D370615003CEBF9 /* SwiftUI.framework in Frameworks */ = {isa = PBXBuildFile; fileRef = D2CFF5662D35ABE200D09F01 /* SwiftUI.framework */; };
		D25246352D370617003CEBF9 /* DailyExtension.appex in Embed Foundation Extensions */ = {isa = PBXBuildFile; fileRef = D25246272D370615003CEBF9 /* DailyExtension.appex */; settings = {ATTRIBUTES = (RemoveHeadersOnCopy, ); }; };
		D252463A2D370659003CEBF9 /* HabitCategory+extension.swift in Sources */ = {isa = PBXBuildFile; fileRef = D2CFF5582D35884E00D09F01 /* HabitCategory+extension.swift */; };
		D252463C2D370659003CEBF9 /* ModelData.swift in Sources */ = {isa = PBXBuildFile; fileRef = D2CB31462CBC1EBB0097B7B4 /* ModelData.swift */; };
		D252463D2D370659003CEBF9 /* SampleData.swift in Sources */ = {isa = PBXBuildFile; fileRef = D28309DC2CA9B3F200C6B22A /* SampleData.swift */; };
		D252463F2D370659003CEBF9 /* HabitItem+extension.swift in Sources */ = {isa = PBXBuildFile; fileRef = D25A7A832CA5D7EE0000E843 /* HabitItem+extension.swift */; };
		D25246412D3706A3003CEBF9 /* Date.swift in Sources */ = {isa = PBXBuildFile; fileRef = D2C1264A2CB73717005E5941 /* Date.swift */; };
		D25246422D3706A3003CEBF9 /* Color+extension.swift in Sources */ = {isa = PBXBuildFile; fileRef = D25A7A952CA5DD420000E843 /* Color+extension.swift */; };
		D25A7A862CA5D7EF0000E843 /* Assets.xcassets in Resources */ = {isa = PBXBuildFile; fileRef = D25A7A7F2CA5D7EE0000E843 /* Assets.xcassets */; };
		D25A7A882CA5D7EF0000E843 /* ContentView.swift in Sources */ = {isa = PBXBuildFile; fileRef = D25A7A802CA5D7EE0000E843 /* ContentView.swift */; };
		D25A7A892CA5D7EF0000E843 /* HabitTrackerApp.swift in Sources */ = {isa = PBXBuildFile; fileRef = D25A7A822CA5D7EE0000E843 /* HabitTrackerApp.swift */; };
		D25A7A8A2CA5D7EF0000E843 /* HabitItem+extension.swift in Sources */ = {isa = PBXBuildFile; fileRef = D25A7A832CA5D7EE0000E843 /* HabitItem+extension.swift */; };
		D25A7A8D2CA5D8120000E843 /* HabitTrackerTests.swift in Sources */ = {isa = PBXBuildFile; fileRef = D25A7A8B2CA5D8120000E843 /* HabitTrackerTests.swift */; };
		D25A7A912CA5D8120000E843 /* HabitTrackerUITests.swift in Sources */ = {isa = PBXBuildFile; fileRef = D25A7A8E2CA5D8120000E843 /* HabitTrackerUITests.swift */; };
		D25A7A922CA5D8120000E843 /* HabitTrackerUITestsLaunchTests.swift in Sources */ = {isa = PBXBuildFile; fileRef = D25A7A8F2CA5D8120000E843 /* HabitTrackerUITestsLaunchTests.swift */; };
		D25A7A962CA5DD460000E843 /* Color+extension.swift in Sources */ = {isa = PBXBuildFile; fileRef = D25A7A952CA5DD420000E843 /* Color+extension.swift */; };
		D25A7A9A2CA5DE4B0000E843 /* HabitItemCell.swift in Sources */ = {isa = PBXBuildFile; fileRef = D25A7A992CA5DE4B0000E843 /* HabitItemCell.swift */; };
		D25AED9B2D9C82B0009C4B7B /* ModelData+Achievement.swift in Sources */ = {isa = PBXBuildFile; fileRef = D25AED9A2D9C828E009C4B7B /* ModelData+Achievement.swift */; };
		D262C5DF2D4EAA4A00CDCA0E /* ModelData+Health.swift in Sources */ = {isa = PBXBuildFile; fileRef = D262C5DE2D4EAA4300CDCA0E /* ModelData+Health.swift */; };
		D262C5E02D4EAA4A00CDCA0E /* ModelData+Health.swift in Sources */ = {isa = PBXBuildFile; fileRef = D262C5DE2D4EAA4300CDCA0E /* ModelData+Health.swift */; };
		D262C5E22D4FA77A00CDCA0E /* SchemaV3.swift in Sources */ = {isa = PBXBuildFile; fileRef = D262C5E12D4FA77A00CDCA0E /* SchemaV3.swift */; };
		D262C5E32D4FA77A00CDCA0E /* SchemaV3.swift in Sources */ = {isa = PBXBuildFile; fileRef = D262C5E12D4FA77A00CDCA0E /* SchemaV3.swift */; };
		D262C5E52D4FAE5500CDCA0E /* HealthType.swift in Sources */ = {isa = PBXBuildFile; fileRef = D262C5E42D4FAE5400CDCA0E /* HealthType.swift */; };
		D262C5E62D4FAF4D00CDCA0E /* HealthType.swift in Sources */ = {isa = PBXBuildFile; fileRef = D262C5E42D4FAE5400CDCA0E /* HealthType.swift */; };
		D262C5E82D4FFCD700CDCA0E /* HealthTypeTests.swift in Sources */ = {isa = PBXBuildFile; fileRef = D262C5E72D4FFCCE00CDCA0E /* HealthTypeTests.swift */; };
		D262C61E2D5375E800CDCA0E /* HealthKit.swift in Sources */ = {isa = PBXBuildFile; fileRef = D2A78AB22D3D96EA0091DFB2 /* HealthKit.swift */; };
		D26D06F62DAEF1E0009C15D4 /* StreakTests.swift in Sources */ = {isa = PBXBuildFile; fileRef = D26D06F52DAEF1E0009C15D4 /* StreakTests.swift */; };
		D26D06F92DAF03E1009C15D4 /* ModelDataFetchTests.swift in Sources */ = {isa = PBXBuildFile; fileRef = D26D06F82DAF03E1009C15D4 /* ModelDataFetchTests.swift */; };
		D28309DA2CA9B32100C6B22A /* DailyEntry+extension.swift in Sources */ = {isa = PBXBuildFile; fileRef = D28309D92CA9B32100C6B22A /* DailyEntry+extension.swift */; };
		D28309DD2CA9B3F200C6B22A /* SampleData.swift in Sources */ = {isa = PBXBuildFile; fileRef = D28309DC2CA9B3F200C6B22A /* SampleData.swift */; };
		D29141182DD7DA6600B911E5 /* ActivityView.swift in Sources */ = {isa = PBXBuildFile; fileRef = D29141172DD7DA6600B911E5 /* ActivityView.swift */; };
		D29141272DD7E5B900B911E5 /* HabitTrackerWatchApp.app in Embed Watch Content */ = {isa = PBXBuildFile; fileRef = D291411D2DD7E5B700B911E5 /* HabitTrackerWatchApp.app */; settings = {ATTRIBUTES = (RemoveHeadersOnCopy, ); }; };
		D29141322DD9D28200B911E5 /* ModelData.swift in Sources */ = {isa = PBXBuildFile; fileRef = D2CB31462CBC1EBB0097B7B4 /* ModelData.swift */; };
		D29141332DD9D28B00B911E5 /* ModelData+targetCount.swift in Sources */ = {isa = PBXBuildFile; fileRef = 4F86138B2DB278F00005A15A /* ModelData+targetCount.swift */; };
		D29141342DD9D28B00B911E5 /* SchemaV3.swift in Sources */ = {isa = PBXBuildFile; fileRef = D262C5E12D4FA77A00CDCA0E /* SchemaV3.swift */; };
		D29141352DD9D28B00B911E5 /* ModelData+fetch.swift in Sources */ = {isa = PBXBuildFile; fileRef = D2D457F62D46558800C67484 /* ModelData+fetch.swift */; };
		D29141362DD9D28B00B911E5 /* HabitCategory+extension.swift in Sources */ = {isa = PBXBuildFile; fileRef = D2CFF5582D35884E00D09F01 /* HabitCategory+extension.swift */; };
		D29141372DD9D28B00B911E5 /* ModelData+Achievement.swift in Sources */ = {isa = PBXBuildFile; fileRef = D25AED9A2D9C828E009C4B7B /* ModelData+Achievement.swift */; };
		D29141382DD9D28B00B911E5 /* ExportImportData.swift in Sources */ = {isa = PBXBuildFile; fileRef = 4F83019A2DAFBB880015ED4D /* ExportImportData.swift */; };
		D29141392DD9D28B00B911E5 /* SchemaV4.swift in Sources */ = {isa = PBXBuildFile; fileRef = 4F8613822DB1110B0005A15A /* SchemaV4.swift */; };
		D291413A2DD9D28B00B911E5 /* SampleData.swift in Sources */ = {isa = PBXBuildFile; fileRef = D28309DC2CA9B3F200C6B22A /* SampleData.swift */; };
		D291413B2DD9D28B00B911E5 /* DailyEntry+extension.swift in Sources */ = {isa = PBXBuildFile; fileRef = D28309D92CA9B32100C6B22A /* DailyEntry+extension.swift */; };
		D291413C2DD9D28B00B911E5 /* HabitItem+extension.swift in Sources */ = {isa = PBXBuildFile; fileRef = D25A7A832CA5D7EE0000E843 /* HabitItem+extension.swift */; };
		D291413D2DD9D2B100B911E5 /* HealthType.swift in Sources */ = {isa = PBXBuildFile; fileRef = D262C5E42D4FAE5400CDCA0E /* HealthType.swift */; };
		D291413E2DD9D2B800B911E5 /* ModelData+Health.swift in Sources */ = {isa = PBXBuildFile; fileRef = D262C5DE2D4EAA4300CDCA0E /* ModelData+Health.swift */; };
		D291413F2DD9D2BE00B911E5 /* HealthKit.swift in Sources */ = {isa = PBXBuildFile; fileRef = D2A78AB22D3D96EA0091DFB2 /* HealthKit.swift */; };
		D29141402DD9D2D400B911E5 /* HealthActivityTemplate.swift in Sources */ = {isa = PBXBuildFile; fileRef = 4F28D9D62DB57D23000D9807 /* HealthActivityTemplate.swift */; };
		D29141422DD9D2ED00B911E5 /* Color+extension.swift in Sources */ = {isa = PBXBuildFile; fileRef = D25A7A952CA5DD420000E843 /* Color+extension.swift */; };
		D29141432DD9D2ED00B911E5 /* UIApplication.swift in Sources */ = {isa = PBXBuildFile; fileRef = D2C09DF12DA0680F001DC17D /* UIApplication.swift */; };
		D29141452DD9D2ED00B911E5 /* Date.swift in Sources */ = {isa = PBXBuildFile; fileRef = D2C1264A2CB73717005E5941 /* Date.swift */; };
		D29141462DD9D2ED00B911E5 /* AppIcon.swift in Sources */ = {isa = PBXBuildFile; fileRef = 4F092E852DB5315800FA334C /* AppIcon.swift */; };
		D291414E2DD9D60C00B911E5 /* Assets.xcassets in Resources */ = {isa = PBXBuildFile; fileRef = D29141492DD9D60C00B911E5 /* Assets.xcassets */; };
		D291414F2DD9D60C00B911E5 /* ContentView.swift in Sources */ = {isa = PBXBuildFile; fileRef = D291414A2DD9D60C00B911E5 /* ContentView.swift */; };
		D29141502DD9D60C00B911E5 /* HabitTrackerWatchApp.swift in Sources */ = {isa = PBXBuildFile; fileRef = D291414C2DD9D60C00B911E5 /* HabitTrackerWatchApp.swift */; };
		D29141512DD9D69D00B911E5 /* WidgetHabitsList.swift in Sources */ = {isa = PBXBuildFile; fileRef = D2DB71742D3D30DB000DC325 /* WidgetHabitsList.swift */; };
		D29141522DD9E23E00B911E5 /* DayHabitsListView.swift in Sources */ = {isa = PBXBuildFile; fileRef = D2DB716C2D3D2F99000DC325 /* DayHabitsListView.swift */; };
		D29141552DD9E29700B911E5 /* HabitDetailProgressView.swift in Sources */ = {isa = PBXBuildFile; fileRef = D2DB715B2D39B2FA000DC325 /* HabitDetailProgressView.swift */; };
		D29141562DD9E2A300B911E5 /* HabitItemCell.swift in Sources */ = {isa = PBXBuildFile; fileRef = D25A7A992CA5DE4B0000E843 /* HabitItemCell.swift */; };
		D29141582DD9E31600B911E5 /* AchievementBanner.swift in Sources */ = {isa = PBXBuildFile; fileRef = D2C09DFC2DA08FE2001DC17D /* AchievementBanner.swift */; };
		D29141592DD9E4D800B911E5 /* ProgressCardView.swift in Sources */ = {isa = PBXBuildFile; fileRef = D2A78AB82D3EC15C0091DFB2 /* ProgressCardView.swift */; };
		D291415A2DD9E4E500B911E5 /* MonthlyView.swift in Sources */ = {isa = PBXBuildFile; fileRef = D2D481052CD8246C00B1DF7C /* MonthlyView.swift */; };
		D2A78AB32D3D96F40091DFB2 /* HealthKit.swift in Sources */ = {isa = PBXBuildFile; fileRef = D2A78AB22D3D96EA0091DFB2 /* HealthKit.swift */; };
		D2A78AB92D3EC15E0091DFB2 /* ProgressCardView.swift in Sources */ = {isa = PBXBuildFile; fileRef = D2A78AB82D3EC15C0091DFB2 /* ProgressCardView.swift */; };
		D2C09DF22DA0680F001DC17D /* UIApplication.swift in Sources */ = {isa = PBXBuildFile; fileRef = D2C09DF12DA0680F001DC17D /* UIApplication.swift */; };
		D2C09DF32DA0680F001DC17D /* UIApplication.swift in Sources */ = {isa = PBXBuildFile; fileRef = D2C09DF12DA0680F001DC17D /* UIApplication.swift */; };
		D2C09DF42DA07801001DC17D /* DailyEntry+extension.swift in Sources */ = {isa = PBXBuildFile; fileRef = D28309D92CA9B32100C6B22A /* DailyEntry+extension.swift */; };
		D2C09DFA2DA08AAC001DC17D /* JDStatusBarNotification in Frameworks */ = {isa = PBXBuildFile; productRef = D2C09DF92DA08AAC001DC17D /* JDStatusBarNotification */; };
		D2C09DFD2DA09001001DC17D /* AchievementBanner.swift in Sources */ = {isa = PBXBuildFile; fileRef = D2C09DFC2DA08FE2001DC17D /* AchievementBanner.swift */; };
		D2C126482CB2DAAC005E5941 /* MainListView.swift in Sources */ = {isa = PBXBuildFile; fileRef = D2C126472CB2DA9D005E5941 /* MainListView.swift */; };
		D2C1264B2CB7371D005E5941 /* Date.swift in Sources */ = {isa = PBXBuildFile; fileRef = D2C1264A2CB73717005E5941 /* Date.swift */; };
		D2C43F302CA74F7F006AD5F5 /* HabitsListView.swift in Sources */ = {isa = PBXBuildFile; fileRef = D2C43F2F2CA74E6D006AD5F5 /* HabitsListView.swift */; };
		D2CB31472CBC1EC20097B7B4 /* ModelData.swift in Sources */ = {isa = PBXBuildFile; fileRef = D2CB31462CBC1EBB0097B7B4 /* ModelData.swift */; };
		D2CB31492CBC396B0097B7B4 /* AddHabitView.swift in Sources */ = {isa = PBXBuildFile; fileRef = D2CB31482CBC396A0097B7B4 /* AddHabitView.swift */; };
		D2CDC5D82DD52E60000F5AEE /* DeviceShakeViewModifier.swift in Sources */ = {isa = PBXBuildFile; fileRef = D2CDC5D72DD52E60000F5AEE /* DeviceShakeViewModifier.swift */; };
		D2CDC5D92DD52E60000F5AEE /* DeviceShakeViewModifier.swift in Sources */ = {isa = PBXBuildFile; fileRef = D2CDC5D72DD52E60000F5AEE /* DeviceShakeViewModifier.swift */; };
		D2CDC5DC2DD530CD000F5AEE /* UndoRedoAction.swift in Sources */ = {isa = PBXBuildFile; fileRef = D2CDC5DA2DD530CD000F5AEE /* UndoRedoAction.swift */; };
		D2CFF5592D35885500D09F01 /* HabitCategory+extension.swift in Sources */ = {isa = PBXBuildFile; fileRef = D2CFF5582D35884E00D09F01 /* HabitCategory+extension.swift */; };
		D2CFF55D2D35A52200D09F01 /* WeekdaysSelectorView.swift in Sources */ = {isa = PBXBuildFile; fileRef = D2CFF55C2D35A52200D09F01 /* WeekdaysSelectorView.swift */; };
		D2D457F72D46559000C67484 /* ModelData+fetch.swift in Sources */ = {isa = PBXBuildFile; fileRef = D2D457F62D46558800C67484 /* ModelData+fetch.swift */; };
		D2D457F82D46559000C67484 /* ModelData+fetch.swift in Sources */ = {isa = PBXBuildFile; fileRef = D2D457F62D46558800C67484 /* ModelData+fetch.swift */; };
		D2D457FA2D4AE71000C67484 /* HealthViewDebug.swift in Sources */ = {isa = PBXBuildFile; fileRef = D2D457F92D4AE70C00C67484 /* HealthViewDebug.swift */; };
		D2D481062CD8246C00B1DF7C /* MonthlyView.swift in Sources */ = {isa = PBXBuildFile; fileRef = D2D481052CD8246C00B1DF7C /* MonthlyView.swift */; };
		D2DB715C2D39B30C000DC325 /* HabitDetailProgressView.swift in Sources */ = {isa = PBXBuildFile; fileRef = D2DB715B2D39B2FA000DC325 /* HabitDetailProgressView.swift */; };
		D2DB71642D3C48DB000DC325 /* NotificationCenter.swift in Sources */ = {isa = PBXBuildFile; fileRef = D2DB71632D3C48D3000DC325 /* NotificationCenter.swift */; };
		D2DB71682D3C6A6F000DC325 /* Balloon Pop.caf in Resources */ = {isa = PBXBuildFile; fileRef = D2DB71652D3C6A6F000DC325 /* Balloon Pop.caf */; };
		D2DB71692D3C6A6F000DC325 /* sparkle.wav in Resources */ = {isa = PBXBuildFile; fileRef = D2DB71662D3C6A6F000DC325 /* sparkle.wav */; };
		D2DB716B2D3D2A46000DC325 /* clang.wav in Resources */ = {isa = PBXBuildFile; fileRef = D2DB716A2D3D2A46000DC325 /* clang.wav */; };
		D2DB716D2D3D2F99000DC325 /* DayHabitsListView.swift in Sources */ = {isa = PBXBuildFile; fileRef = D2DB716C2D3D2F99000DC325 /* DayHabitsListView.swift */; };
		D2DB71762D3D30DB000DC325 /* Assets.xcassets in Resources */ = {isa = PBXBuildFile; fileRef = D2DB716E2D3D30DB000DC325 /* Assets.xcassets */; };
		D2DB71782D3D30DB000DC325 /* Daily.swift in Sources */ = {isa = PBXBuildFile; fileRef = D2DB71702D3D30DB000DC325 /* Daily.swift */; };
		D2DB71792D3D30DB000DC325 /* DailyBundle.swift in Sources */ = {isa = PBXBuildFile; fileRef = D2DB71712D3D30DB000DC325 /* DailyBundle.swift */; };
		D2DB717A2D3D30DB000DC325 /* HabitWidgetConfiguration.intentdefinition in Sources */ = {isa = PBXBuildFile; fileRef = D2DB71722D3D30DB000DC325 /* HabitWidgetConfiguration.intentdefinition */; };
		D2DB717B2D3D30DB000DC325 /* WidgetHabitsList.swift in Sources */ = {isa = PBXBuildFile; fileRef = D2DB71742D3D30DB000DC325 /* WidgetHabitsList.swift */; };
		D2DB717C2D3D30DB000DC325 /* WidgetHabitsList.swift in Sources */ = {isa = PBXBuildFile; fileRef = D2DB71742D3D30DB000DC325 /* WidgetHabitsList.swift */; };
		D2DB71852D3D4BD9000DC325 /* ConfettiSwiftUI in Frameworks */ = {isa = PBXBuildFile; productRef = D2DB71842D3D4BD9000DC325 /* ConfettiSwiftUI */; };
		D2ECACD42D569E12007B83C4 /* RainbowUI in Frameworks */ = {isa = PBXBuildFile; productRef = D2ECACD32D569E12007B83C4 /* RainbowUI */; };
/* End PBXBuildFile section */

/* Begin PBXContainerItemProxy section */
		D25246332D370617003CEBF9 /* PBXContainerItemProxy */ = {
			isa = PBXContainerItemProxy;
			containerPortal = D25A7A2D2CA5D64B0000E843 /* Project object */;
			proxyType = 1;
			remoteGlobalIDString = D25246262D370615003CEBF9;
			remoteInfo = DailyExtension;
		};
		D25A7A492CA5D64D0000E843 /* PBXContainerItemProxy */ = {
			isa = PBXContainerItemProxy;
			containerPortal = D25A7A2D2CA5D64B0000E843 /* Project object */;
			proxyType = 1;
			remoteGlobalIDString = D25A7A342CA5D64B0000E843;
			remoteInfo = HabitTracker;
		};
		D25A7A532CA5D64D0000E843 /* PBXContainerItemProxy */ = {
			isa = PBXContainerItemProxy;
			containerPortal = D25A7A2D2CA5D64B0000E843 /* Project object */;
			proxyType = 1;
			remoteGlobalIDString = D25A7A342CA5D64B0000E843;
			remoteInfo = HabitTracker;
		};
		D29141252DD7E5B900B911E5 /* PBXContainerItemProxy */ = {
			isa = PBXContainerItemProxy;
			containerPortal = D25A7A2D2CA5D64B0000E843 /* Project object */;
			proxyType = 1;
			remoteGlobalIDString = D291411C2DD7E5B700B911E5;
			remoteInfo = "HabitTrackerWatch Watch App";
		};
/* End PBXContainerItemProxy section */

/* Begin PBXCopyFilesBuildPhase section */
		D291412B2DD7E5B900B911E5 /* Embed Watch Content */ = {
			isa = PBXCopyFilesBuildPhase;
			buildActionMask = 2147483647;
			dstPath = "$(CONTENTS_FOLDER_PATH)/Watch";
			dstSubfolderSpec = 16;
			files = (
				D29141272DD7E5B900B911E5 /* HabitTrackerWatchApp.app in Embed Watch Content */,
			);
			name = "Embed Watch Content";
			runOnlyForDeploymentPostprocessing = 0;
		};
		D2CFF57A2D35ABE400D09F01 /* Embed Foundation Extensions */ = {
			isa = PBXCopyFilesBuildPhase;
			buildActionMask = 2147483647;
			dstPath = "";
			dstSubfolderSpec = 13;
			files = (
				D25246352D370617003CEBF9 /* DailyExtension.appex in Embed Foundation Extensions */,
			);
			name = "Embed Foundation Extensions";
			runOnlyForDeploymentPostprocessing = 0;
		};
/* End PBXCopyFilesBuildPhase section */

/* Begin PBXFileReference section */
		4F092E7A2DB5248200FA334C /* OnboardingHabitsView.swift */ = {isa = PBXFileReference; lastKnownFileType = sourcecode.swift; path = OnboardingHabitsView.swift; sourceTree = "<group>"; };
		4F092E7B2DB5248200FA334C /* OnboardingIntroView.swift */ = {isa = PBXFileReference; lastKnownFileType = sourcecode.swift; path = OnboardingIntroView.swift; sourceTree = "<group>"; };
		4F092E7C2DB5248200FA334C /* OnboardingPreview.swift */ = {isa = PBXFileReference; lastKnownFileType = sourcecode.swift; path = OnboardingPreview.swift; sourceTree = "<group>"; };
		4F092E7D2DB5248200FA334C /* OnboardingSubscriptionView.swift */ = {isa = PBXFileReference; lastKnownFileType = sourcecode.swift; path = OnboardingSubscriptionView.swift; sourceTree = "<group>"; };
		4F092E7E2DB5248200FA334C /* OnboardingView.swift */ = {isa = PBXFileReference; lastKnownFileType = sourcecode.swift; path = OnboardingView.swift; sourceTree = "<group>"; };
		4F092E852DB5315800FA334C /* AppIcon.swift */ = {isa = PBXFileReference; lastKnownFileType = sourcecode.swift; path = AppIcon.swift; sourceTree = "<group>"; };
		4F28D9D12DB57CF0000D9807 /* en */ = {isa = PBXFileReference; lastKnownFileType = text.plist.strings; name = en; path = en.lproj/Localizable.strings; sourceTree = "<group>"; };
		4F28D9D62DB57D23000D9807 /* HealthActivityTemplate.swift */ = {isa = PBXFileReference; lastKnownFileType = sourcecode.swift; path = HealthActivityTemplate.swift; sourceTree = "<group>"; };
		4F28D9D92DB583E1000D9807 /* ActivityTypePickerView.swift */ = {isa = PBXFileReference; lastKnownFileType = sourcecode.swift; path = ActivityTypePickerView.swift; sourceTree = "<group>"; };
		4F28D9DB2DB59286000D9807 /* Notification.swift */ = {isa = PBXFileReference; lastKnownFileType = sourcecode.swift; path = Notification.swift; sourceTree = "<group>"; };
		4F28D9DF2DB5C5B6000D9807 /* MyDailyHabitsTracker.storekit */ = {isa = PBXFileReference; lastKnownFileType = text; path = MyDailyHabitsTracker.storekit; sourceTree = "<group>"; };
		4F28D9E22DB64617000D9807 /* en */ = {isa = PBXFileReference; lastKnownFileType = text.plist.stringsdict; name = en; path = en.lproj/Localizable.stringsdict; sourceTree = "<group>"; };
		4F28D9E52DB66081000D9807 /* StoreManager.swift */ = {isa = PBXFileReference; lastKnownFileType = sourcecode.swift; path = StoreManager.swift; sourceTree = "<group>"; };
		4F28D9E62DB66081000D9807 /* SubscriptionService.swift */ = {isa = PBXFileReference; lastKnownFileType = sourcecode.swift; path = SubscriptionService.swift; sourceTree = "<group>"; };
		4F46FB4F2DC7D54300627B71 /* StoreKit.framework */ = {isa = PBXFileReference; lastKnownFileType = wrapper.framework; name = StoreKit.framework; path = System/Library/Frameworks/StoreKit.framework; sourceTree = SDKROOT; };
		4F46FB542DC8F97700627B71 /* PurchaseSubscriptionView.swift */ = {isa = PBXFileReference; lastKnownFileType = sourcecode.swift; path = PurchaseSubscriptionView.swift; sourceTree = "<group>"; };
		4F6D4AE52DA856920018448A /* AchievementTests.swift */ = {isa = PBXFileReference; lastKnownFileType = sourcecode.swift; path = AchievementTests.swift; sourceTree = "<group>"; };
		4F83019A2DAFBB880015ED4D /* ExportImportData.swift */ = {isa = PBXFileReference; lastKnownFileType = sourcecode.swift; path = ExportImportData.swift; sourceTree = "<group>"; };
		4F83019D2DAFBF940015ED4D /* ExportImportTests.swift */ = {isa = PBXFileReference; lastKnownFileType = sourcecode.swift; path = ExportImportTests.swift; sourceTree = "<group>"; };
		4F83019F2DAFDD920015ED4D /* HabitTracker_Export.json */ = {isa = PBXFileReference; lastKnownFileType = text.json; path = HabitTracker_Export.json; sourceTree = "<group>"; };
		4F8613822DB1110B0005A15A /* SchemaV4.swift */ = {isa = PBXFileReference; lastKnownFileType = sourcecode.swift; path = SchemaV4.swift; sourceTree = "<group>"; };
		4F8613892DB1354C0005A15A /* MigrationTests.swift */ = {isa = PBXFileReference; lastKnownFileType = sourcecode.swift; path = MigrationTests.swift; sourceTree = "<group>"; };
		4F86138B2DB278F00005A15A /* ModelData+targetCount.swift */ = {isa = PBXFileReference; lastKnownFileType = sourcecode.swift; path = "ModelData+targetCount.swift"; sourceTree = "<group>"; };
		4F8613902DB2FB530005A15A /* TimelineView.swift */ = {isa = PBXFileReference; lastKnownFileType = sourcecode.swift; path = TimelineView.swift; sourceTree = "<group>"; };
		4F8613922DB3FC1C0005A15A /* TimelineConnector.swift */ = {isa = PBXFileReference; lastKnownFileType = sourcecode.swift; path = TimelineConnector.swift; sourceTree = "<group>"; };
		4F8613932DB3FC1C0005A15A /* TimelineDayGroup.swift */ = {isa = PBXFileReference; lastKnownFileType = sourcecode.swift; path = TimelineDayGroup.swift; sourceTree = "<group>"; };
		4F8613942DB3FC1C0005A15A /* TimelineEntryView.swift */ = {isa = PBXFileReference; lastKnownFileType = sourcecode.swift; path = TimelineEntryView.swift; sourceTree = "<group>"; };
		4F8613952DB3FC1C0005A15A /* TimelineModels.swift */ = {isa = PBXFileReference; lastKnownFileType = sourcecode.swift; path = TimelineModels.swift; sourceTree = "<group>"; };
		4FAA66F12DAD9EC200586FC4 /* achive-sound-1.caf */ = {isa = PBXFileReference; lastKnownFileType = file; path = "achive-sound-1.caf"; sourceTree = "<group>"; };
		4FAA66F22DAD9EC200586FC4 /* achive-sound-2.caf */ = {isa = PBXFileReference; lastKnownFileType = file; path = "achive-sound-2.caf"; sourceTree = "<group>"; };
		4FAA66F32DAD9EC200586FC4 /* achive-sound-3.caf */ = {isa = PBXFileReference; lastKnownFileType = file; path = "achive-sound-3.caf"; sourceTree = "<group>"; };
		4FAA66F42DAD9EC200586FC4 /* achive-sound-4.caf */ = {isa = PBXFileReference; lastKnownFileType = file; path = "achive-sound-4.caf"; sourceTree = "<group>"; };
		4FAA66F52DAD9EC200586FC4 /* achive-sound-5.caf */ = {isa = PBXFileReference; lastKnownFileType = file; path = "achive-sound-5.caf"; sourceTree = "<group>"; };
		D21147792DD9F6BE008A1145 /* Info.plist */ = {isa = PBXFileReference; lastKnownFileType = text.plist; path = Info.plist; sourceTree = "<group>"; };
		D25246272D370615003CEBF9 /* DailyExtension.appex */ = {isa = PBXFileReference; explicitFileType = "wrapper.app-extension"; includeInIndex = 0; path = DailyExtension.appex; sourceTree = BUILT_PRODUCTS_DIR; };
		D25A7A352CA5D64B0000E843 /* HabitTracker.app */ = {isa = PBXFileReference; explicitFileType = wrapper.application; includeInIndex = 0; path = HabitTracker.app; sourceTree = BUILT_PRODUCTS_DIR; };
		D25A7A482CA5D64D0000E843 /* HabitTrackerTests.xctest */ = {isa = PBXFileReference; explicitFileType = wrapper.cfbundle; includeInIndex = 0; path = HabitTrackerTests.xctest; sourceTree = BUILT_PRODUCTS_DIR; };
		D25A7A522CA5D64D0000E843 /* HabitTrackerUITests.xctest */ = {isa = PBXFileReference; explicitFileType = wrapper.cfbundle; includeInIndex = 0; path = HabitTrackerUITests.xctest; sourceTree = BUILT_PRODUCTS_DIR; };
		D25A7A7F2CA5D7EE0000E843 /* Assets.xcassets */ = {isa = PBXFileReference; lastKnownFileType = folder.assetcatalog; path = Assets.xcassets; sourceTree = "<group>"; };
		D25A7A802CA5D7EE0000E843 /* ContentView.swift */ = {isa = PBXFileReference; lastKnownFileType = sourcecode.swift; path = ContentView.swift; sourceTree = "<group>"; };
		D25A7A812CA5D7EE0000E843 /* HabitTracker.entitlements */ = {isa = PBXFileReference; lastKnownFileType = text.plist.entitlements; path = HabitTracker.entitlements; sourceTree = "<group>"; };
		D25A7A822CA5D7EE0000E843 /* HabitTrackerApp.swift */ = {isa = PBXFileReference; lastKnownFileType = sourcecode.swift; path = HabitTrackerApp.swift; sourceTree = "<group>"; };
		D25A7A832CA5D7EE0000E843 /* HabitItem+extension.swift */ = {isa = PBXFileReference; lastKnownFileType = sourcecode.swift; path = "HabitItem+extension.swift"; sourceTree = "<group>"; };
		D25A7A8B2CA5D8120000E843 /* HabitTrackerTests.swift */ = {isa = PBXFileReference; lastKnownFileType = sourcecode.swift; path = HabitTrackerTests.swift; sourceTree = "<group>"; };
		D25A7A8E2CA5D8120000E843 /* HabitTrackerUITests.swift */ = {isa = PBXFileReference; lastKnownFileType = sourcecode.swift; path = HabitTrackerUITests.swift; sourceTree = "<group>"; };
		D25A7A8F2CA5D8120000E843 /* HabitTrackerUITestsLaunchTests.swift */ = {isa = PBXFileReference; lastKnownFileType = sourcecode.swift; path = HabitTrackerUITestsLaunchTests.swift; sourceTree = "<group>"; };
		D25A7A952CA5DD420000E843 /* Color+extension.swift */ = {isa = PBXFileReference; lastKnownFileType = sourcecode.swift; path = "Color+extension.swift"; sourceTree = "<group>"; };
		D25A7A992CA5DE4B0000E843 /* HabitItemCell.swift */ = {isa = PBXFileReference; lastKnownFileType = sourcecode.swift; path = HabitItemCell.swift; sourceTree = "<group>"; };
		D25AED9A2D9C828E009C4B7B /* ModelData+Achievement.swift */ = {isa = PBXFileReference; lastKnownFileType = sourcecode.swift; path = "ModelData+Achievement.swift"; sourceTree = "<group>"; };
		D262C5DE2D4EAA4300CDCA0E /* ModelData+Health.swift */ = {isa = PBXFileReference; lastKnownFileType = sourcecode.swift; path = "ModelData+Health.swift"; sourceTree = "<group>"; };
		D262C5E12D4FA77A00CDCA0E /* SchemaV3.swift */ = {isa = PBXFileReference; lastKnownFileType = sourcecode.swift; path = SchemaV3.swift; sourceTree = "<group>"; };
		D262C5E42D4FAE5400CDCA0E /* HealthType.swift */ = {isa = PBXFileReference; lastKnownFileType = sourcecode.swift; path = HealthType.swift; sourceTree = "<group>"; };
		D262C5E72D4FFCCE00CDCA0E /* HealthTypeTests.swift */ = {isa = PBXFileReference; lastKnownFileType = sourcecode.swift; path = HealthTypeTests.swift; sourceTree = "<group>"; };
		D26D06F52DAEF1E0009C15D4 /* StreakTests.swift */ = {isa = PBXFileReference; lastKnownFileType = sourcecode.swift; path = StreakTests.swift; sourceTree = "<group>"; };
		D26D06F72DAEF20D009C15D4 /* HabitTracker.xctestplan */ = {isa = PBXFileReference; lastKnownFileType = text; path = HabitTracker.xctestplan; sourceTree = "<group>"; };
		D26D06F82DAF03E1009C15D4 /* ModelDataFetchTests.swift */ = {isa = PBXFileReference; lastKnownFileType = sourcecode.swift; path = ModelDataFetchTests.swift; sourceTree = "<group>"; };
		D28309D92CA9B32100C6B22A /* DailyEntry+extension.swift */ = {isa = PBXFileReference; lastKnownFileType = sourcecode.swift; path = "DailyEntry+extension.swift"; sourceTree = "<group>"; };
		D28309DC2CA9B3F200C6B22A /* SampleData.swift */ = {isa = PBXFileReference; lastKnownFileType = sourcecode.swift; path = SampleData.swift; sourceTree = "<group>"; };
		D29141172DD7DA6600B911E5 /* ActivityView.swift */ = {isa = PBXFileReference; lastKnownFileType = sourcecode.swift; path = ActivityView.swift; sourceTree = "<group>"; };
		D291411D2DD7E5B700B911E5 /* HabitTrackerWatchApp.app */ = {isa = PBXFileReference; explicitFileType = wrapper.application; includeInIndex = 0; path = HabitTrackerWatchApp.app; sourceTree = BUILT_PRODUCTS_DIR; };
		D29141492DD9D60C00B911E5 /* Assets.xcassets */ = {isa = PBXFileReference; lastKnownFileType = folder.assetcatalog; path = Assets.xcassets; sourceTree = "<group>"; };
		D291414A2DD9D60C00B911E5 /* ContentView.swift */ = {isa = PBXFileReference; lastKnownFileType = sourcecode.swift; path = ContentView.swift; sourceTree = "<group>"; };
		D291414B2DD9D60C00B911E5 /* HabitTrackerWatchApp.entitlements */ = {isa = PBXFileReference; lastKnownFileType = text.plist.entitlements; path = HabitTrackerWatchApp.entitlements; sourceTree = "<group>"; };
		D291414C2DD9D60C00B911E5 /* HabitTrackerWatchApp.swift */ = {isa = PBXFileReference; lastKnownFileType = sourcecode.swift; path = HabitTrackerWatchApp.swift; sourceTree = "<group>"; };
		D2A78AB22D3D96EA0091DFB2 /* HealthKit.swift */ = {isa = PBXFileReference; lastKnownFileType = sourcecode.swift; path = HealthKit.swift; sourceTree = "<group>"; };
		D2A78AB82D3EC15C0091DFB2 /* ProgressCardView.swift */ = {isa = PBXFileReference; lastKnownFileType = sourcecode.swift; path = ProgressCardView.swift; sourceTree = "<group>"; };
		D2A78ABA2D3F0D190091DFB2 /* Info.plist */ = {isa = PBXFileReference; lastKnownFileType = text.plist.xml; path = Info.plist; sourceTree = "<group>"; };
		D2C09DF12DA0680F001DC17D /* UIApplication.swift */ = {isa = PBXFileReference; lastKnownFileType = sourcecode.swift; path = UIApplication.swift; sourceTree = "<group>"; };
		D2C09DFC2DA08FE2001DC17D /* AchievementBanner.swift */ = {isa = PBXFileReference; lastKnownFileType = sourcecode.swift; path = AchievementBanner.swift; sourceTree = "<group>"; };
		D2C126472CB2DA9D005E5941 /* MainListView.swift */ = {isa = PBXFileReference; lastKnownFileType = sourcecode.swift; path = MainListView.swift; sourceTree = "<group>"; };
		D2C1264A2CB73717005E5941 /* Date.swift */ = {isa = PBXFileReference; lastKnownFileType = sourcecode.swift; path = Date.swift; sourceTree = "<group>"; };
		D2C43F2F2CA74E6D006AD5F5 /* HabitsListView.swift */ = {isa = PBXFileReference; lastKnownFileType = sourcecode.swift; path = HabitsListView.swift; sourceTree = "<group>"; };
		D2CB31462CBC1EBB0097B7B4 /* ModelData.swift */ = {isa = PBXFileReference; lastKnownFileType = sourcecode.swift; path = ModelData.swift; sourceTree = "<group>"; };
		D2CB31482CBC396A0097B7B4 /* AddHabitView.swift */ = {isa = PBXFileReference; lastKnownFileType = sourcecode.swift; path = AddHabitView.swift; sourceTree = "<group>"; };
		D2CDC5D72DD52E60000F5AEE /* DeviceShakeViewModifier.swift */ = {isa = PBXFileReference; lastKnownFileType = sourcecode.swift; path = DeviceShakeViewModifier.swift; sourceTree = "<group>"; };
		D2CDC5DA2DD530CD000F5AEE /* UndoRedoAction.swift */ = {isa = PBXFileReference; lastKnownFileType = sourcecode.swift; path = UndoRedoAction.swift; sourceTree = "<group>"; };
		D2CFF5582D35884E00D09F01 /* HabitCategory+extension.swift */ = {isa = PBXFileReference; lastKnownFileType = sourcecode.swift; path = "HabitCategory+extension.swift"; sourceTree = "<group>"; };
		D2CFF55C2D35A52200D09F01 /* WeekdaysSelectorView.swift */ = {isa = PBXFileReference; lastKnownFileType = sourcecode.swift; path = WeekdaysSelectorView.swift; sourceTree = "<group>"; };
		D2CFF5642D35ABE200D09F01 /* WidgetKit.framework */ = {isa = PBXFileReference; lastKnownFileType = wrapper.framework; name = WidgetKit.framework; path = /System/Library/Frameworks/WidgetKit.framework; sourceTree = "<absolute>"; };
		D2CFF5662D35ABE200D09F01 /* SwiftUI.framework */ = {isa = PBXFileReference; lastKnownFileType = wrapper.framework; name = SwiftUI.framework; path = /System/Library/Frameworks/SwiftUI.framework; sourceTree = "<absolute>"; };
		D2D457F62D46558800C67484 /* ModelData+fetch.swift */ = {isa = PBXFileReference; lastKnownFileType = sourcecode.swift; path = "ModelData+fetch.swift"; sourceTree = "<group>"; };
		D2D457F92D4AE70C00C67484 /* HealthViewDebug.swift */ = {isa = PBXFileReference; lastKnownFileType = sourcecode.swift; path = HealthViewDebug.swift; sourceTree = "<group>"; };
		D2D481052CD8246C00B1DF7C /* MonthlyView.swift */ = {isa = PBXFileReference; lastKnownFileType = sourcecode.swift; path = MonthlyView.swift; sourceTree = "<group>"; };
		D2DB715B2D39B2FA000DC325 /* HabitDetailProgressView.swift */ = {isa = PBXFileReference; lastKnownFileType = sourcecode.swift; path = HabitDetailProgressView.swift; sourceTree = "<group>"; };
		D2DB71632D3C48D3000DC325 /* NotificationCenter.swift */ = {isa = PBXFileReference; lastKnownFileType = sourcecode.swift; path = NotificationCenter.swift; sourceTree = "<group>"; };
		D2DB71652D3C6A6F000DC325 /* Balloon Pop.caf */ = {isa = PBXFileReference; lastKnownFileType = file; path = "Balloon Pop.caf"; sourceTree = "<group>"; };
		D2DB71662D3C6A6F000DC325 /* sparkle.wav */ = {isa = PBXFileReference; lastKnownFileType = audio.wav; path = sparkle.wav; sourceTree = "<group>"; };
		D2DB716A2D3D2A46000DC325 /* clang.wav */ = {isa = PBXFileReference; lastKnownFileType = audio.wav; path = clang.wav; sourceTree = "<group>"; };
		D2DB716C2D3D2F99000DC325 /* DayHabitsListView.swift */ = {isa = PBXFileReference; lastKnownFileType = sourcecode.swift; path = DayHabitsListView.swift; sourceTree = "<group>"; };
		D2DB716E2D3D30DB000DC325 /* Assets.xcassets */ = {isa = PBXFileReference; lastKnownFileType = folder.assetcatalog; path = Assets.xcassets; sourceTree = "<group>"; };
		D2DB716F2D3D30DB000DC325 /* Daily.entitlements */ = {isa = PBXFileReference; lastKnownFileType = text.plist.entitlements; path = Daily.entitlements; sourceTree = "<group>"; };
		D2DB71702D3D30DB000DC325 /* Daily.swift */ = {isa = PBXFileReference; lastKnownFileType = sourcecode.swift; path = Daily.swift; sourceTree = "<group>"; };
		D2DB71712D3D30DB000DC325 /* DailyBundle.swift */ = {isa = PBXFileReference; lastKnownFileType = sourcecode.swift; path = DailyBundle.swift; sourceTree = "<group>"; };
		D2DB71722D3D30DB000DC325 /* HabitWidgetConfiguration.intentdefinition */ = {isa = PBXFileReference; lastKnownFileType = file.intentdefinition; path = HabitWidgetConfiguration.intentdefinition; sourceTree = "<group>"; };
		D2DB71732D3D30DB000DC325 /* Info.plist */ = {isa = PBXFileReference; lastKnownFileType = text.plist.xml; path = Info.plist; sourceTree = "<group>"; };
		D2DB71742D3D30DB000DC325 /* WidgetHabitsList.swift */ = {isa = PBXFileReference; lastKnownFileType = sourcecode.swift; path = WidgetHabitsList.swift; sourceTree = "<group>"; };
/* End PBXFileReference section */

/* Begin PBXFrameworksBuildPhase section */
		D25246242D370615003CEBF9 /* Frameworks */ = {
			isa = PBXFrameworksBuildPhase;
			buildActionMask = 2147483647;
			files = (
				D25246292D370615003CEBF9 /* SwiftUI.framework in Frameworks */,
				D25246282D370615003CEBF9 /* WidgetKit.framework in Frameworks */,
			);
			runOnlyForDeploymentPostprocessing = 0;
		};
		D25A7A322CA5D64B0000E843 /* Frameworks */ = {
			isa = PBXFrameworksBuildPhase;
			buildActionMask = 2147483647;
			files = (
				D2ECACD42D569E12007B83C4 /* RainbowUI in Frameworks */,
				4F46FB532DC7D68700627B71 /* RainbowUI in Frameworks */,
				4F46FB502DC7D54300627B71 /* StoreKit.framework in Frameworks */,
				D203113E2D3F1A0300EC980F /* ConfettiSwiftUI in Frameworks */,
				D2C09DFA2DA08AAC001DC17D /* JDStatusBarNotification in Frameworks */,
				D2DB71852D3D4BD9000DC325 /* ConfettiSwiftUI in Frameworks */,
				D21E00F92DA5CEC100F92490 /* ConfettiSwiftUI in Frameworks */,
				4F28D9EB2DB7A77A000D9807 /* RainbowUI in Frameworks */,
			);
			runOnlyForDeploymentPostprocessing = 0;
		};
		D25A7A452CA5D64D0000E843 /* Frameworks */ = {
			isa = PBXFrameworksBuildPhase;
			buildActionMask = 2147483647;
			files = (
			);
			runOnlyForDeploymentPostprocessing = 0;
		};
		D25A7A4F2CA5D64D0000E843 /* Frameworks */ = {
			isa = PBXFrameworksBuildPhase;
			buildActionMask = 2147483647;
			files = (
			);
			runOnlyForDeploymentPostprocessing = 0;
		};
		D291411A2DD7E5B700B911E5 /* Frameworks */ = {
			isa = PBXFrameworksBuildPhase;
			buildActionMask = 2147483647;
			files = (
			);
			runOnlyForDeploymentPostprocessing = 0;
		};
/* End PBXFrameworksBuildPhase section */

/* Begin PBXGroup section */
		4F092E7F2DB5248200FA334C /* Onboarding */ = {
			isa = PBXGroup;
			children = (
				4F092E7A2DB5248200FA334C /* OnboardingHabitsView.swift */,
				4F092E7B2DB5248200FA334C /* OnboardingIntroView.swift */,
				4F092E7C2DB5248200FA334C /* OnboardingPreview.swift */,
				4F092E7D2DB5248200FA334C /* OnboardingSubscriptionView.swift */,
				4F092E7E2DB5248200FA334C /* OnboardingView.swift */,
			);
			path = Onboarding;
			sourceTree = "<group>";
		};
		4F28D9D32DB57CF0000D9807 /* Resources */ = {
			isa = PBXGroup;
			children = (
				4F28D9E12DB64617000D9807 /* Localizable.stringsdict */,
				4F28D9D22DB57CF0000D9807 /* Localizable.strings */,
			);
			path = Resources;
			sourceTree = "<group>";
		};
		4F28D9DE2DB5C56F000D9807 /* Store */ = {
			isa = PBXGroup;
			children = (
				4F28D9DF2DB5C5B6000D9807 /* MyDailyHabitsTracker.storekit */,
				4F46FB542DC8F97700627B71 /* PurchaseSubscriptionView.swift */,
				4F28D9E52DB66081000D9807 /* StoreManager.swift */,
				4F28D9E62DB66081000D9807 /* SubscriptionService.swift */,
			);
			path = Store;
			sourceTree = "<group>";
		};
		4F8301A12DB02FB70015ED4D /* Timeline */ = {
			isa = PBXGroup;
			children = (
				4F8613922DB3FC1C0005A15A /* TimelineConnector.swift */,
				4F8613932DB3FC1C0005A15A /* TimelineDayGroup.swift */,
				4F8613942DB3FC1C0005A15A /* TimelineEntryView.swift */,
				4F8613952DB3FC1C0005A15A /* TimelineModels.swift */,
				4F8613902DB2FB530005A15A /* TimelineView.swift */,
			);
			path = Timeline;
			sourceTree = "<group>";
		};
		D25A7A2C2CA5D64B0000E843 = {
			isa = PBXGroup;
			children = (
				D26D06F72DAEF20D009C15D4 /* HabitTracker.xctestplan */,
				D25A7A842CA5D7EE0000E843 /* HabitTracker */,
				D25A7A8C2CA5D8120000E843 /* HabitTrackerTests */,
				D25A7A902CA5D8120000E843 /* HabitTrackerUITests */,
				D29141482DD9D5EE00B911E5 /* Shared */,
				D2DB71752D3D30DB000DC325 /* Widget */,
				D291414D2DD9D60C00B911E5 /* HabitTrackerWatchApp */,
				D2CFF5632D35ABE200D09F01 /* Frameworks */,
				D25A7A362CA5D64B0000E843 /* Products */,
			);
			sourceTree = "<group>";
		};
		D25A7A362CA5D64B0000E843 /* Products */ = {
			isa = PBXGroup;
			children = (
				D25A7A352CA5D64B0000E843 /* HabitTracker.app */,
				D25A7A482CA5D64D0000E843 /* HabitTrackerTests.xctest */,
				D25A7A522CA5D64D0000E843 /* HabitTrackerUITests.xctest */,
				D25246272D370615003CEBF9 /* DailyExtension.appex */,
				D291411D2DD7E5B700B911E5 /* HabitTrackerWatchApp.app */,
			);
			name = Products;
			sourceTree = "<group>";
		};
		D25A7A842CA5D7EE0000E843 /* HabitTracker */ = {
			isa = PBXGroup;
			children = (
				D2A78ABA2D3F0D190091DFB2 /* Info.plist */,
				D25A7A7F2CA5D7EE0000E843 /* Assets.xcassets */,
				D25A7A812CA5D7EE0000E843 /* HabitTracker.entitlements */,
				D25A7A822CA5D7EE0000E843 /* HabitTrackerApp.swift */,
				D25A7A802CA5D7EE0000E843 /* ContentView.swift */,
				D2DB71602D3BC54A000DC325 /* Day View */,
				D2C126492CB7370B005E5941 /* Extensions */,
				D2DB715F2D3BC521000DC325 /* Habits List */,
				D28309DB2CA9B33800C6B22A /* ModelRecords */,
				4F092E7F2DB5248200FA334C /* Onboarding */,
				4F28D9D32DB57CF0000D9807 /* Resources */,
				D2DB71672D3C6A6F000DC325 /* Sounds */,
				4F28D9DE2DB5C56F000D9807 /* Store */,
				D2DB71622D3C48BF000DC325 /* Systems */,
				4F8301A12DB02FB70015ED4D /* Timeline */,
				D2DB71612D3BC877000DC325 /* Views */,
			);
			path = HabitTracker;
			sourceTree = "<group>";
		};
		D25A7A8C2CA5D8120000E843 /* HabitTrackerTests */ = {
			isa = PBXGroup;
			children = (
				4F83019F2DAFDD920015ED4D /* HabitTracker_Export.json */,
				4F8613892DB1354C0005A15A /* MigrationTests.swift */,
				4F6D4AE52DA856920018448A /* AchievementTests.swift */,
				4F83019D2DAFBF940015ED4D /* ExportImportTests.swift */,
				D25A7A8B2CA5D8120000E843 /* HabitTrackerTests.swift */,
				D262C5E72D4FFCCE00CDCA0E /* HealthTypeTests.swift */,
				D26D06F82DAF03E1009C15D4 /* ModelDataFetchTests.swift */,
				D26D06F52DAEF1E0009C15D4 /* StreakTests.swift */,
			);
			path = HabitTrackerTests;
			sourceTree = "<group>";
		};
		D25A7A902CA5D8120000E843 /* HabitTrackerUITests */ = {
			isa = PBXGroup;
			children = (
				D25A7A8E2CA5D8120000E843 /* HabitTrackerUITests.swift */,
				D25A7A8F2CA5D8120000E843 /* HabitTrackerUITestsLaunchTests.swift */,
			);
			path = HabitTrackerUITests;
			sourceTree = "<group>";
		};
		D28309DB2CA9B33800C6B22A /* ModelRecords */ = {
			isa = PBXGroup;
			children = (
				D28309D92CA9B32100C6B22A /* DailyEntry+extension.swift */,
				4F83019A2DAFBB880015ED4D /* ExportImportData.swift */,
				D2CFF5582D35884E00D09F01 /* HabitCategory+extension.swift */,
				D25A7A832CA5D7EE0000E843 /* HabitItem+extension.swift */,
				D2CB31462CBC1EBB0097B7B4 /* ModelData.swift */,
				D25AED9A2D9C828E009C4B7B /* ModelData+Achievement.swift */,
				D2D457F62D46558800C67484 /* ModelData+fetch.swift */,
				4F86138B2DB278F00005A15A /* ModelData+targetCount.swift */,
				D28309DC2CA9B3F200C6B22A /* SampleData.swift */,
				D262C5E12D4FA77A00CDCA0E /* SchemaV3.swift */,
				4F8613822DB1110B0005A15A /* SchemaV4.swift */,
			);
			path = ModelRecords;
			sourceTree = "<group>";
		};
		D29141482DD9D5EE00B911E5 /* Shared */ = {
			isa = PBXGroup;
			children = (
			);
			path = Shared;
			sourceTree = "<group>";
		};
		D291414D2DD9D60C00B911E5 /* HabitTrackerWatchApp */ = {
			isa = PBXGroup;
			children = (
				D21147792DD9F6BE008A1145 /* Info.plist */,
				D29141492DD9D60C00B911E5 /* Assets.xcassets */,
				D291414A2DD9D60C00B911E5 /* ContentView.swift */,
				D291414B2DD9D60C00B911E5 /* HabitTrackerWatchApp.entitlements */,
				D291414C2DD9D60C00B911E5 /* HabitTrackerWatchApp.swift */,
			);
			path = HabitTrackerWatchApp;
			sourceTree = "<group>";
		};
		D2C126492CB7370B005E5941 /* Extensions */ = {
			isa = PBXGroup;
			children = (
				4F092E852DB5315800FA334C /* AppIcon.swift */,
				D25A7A952CA5DD420000E843 /* Color+extension.swift */,
				D2C1264A2CB73717005E5941 /* Date.swift */,
				D2CDC5D72DD52E60000F5AEE /* DeviceShakeViewModifier.swift */,
				4F28D9DB2DB59286000D9807 /* Notification.swift */,
				D2C09DF12DA0680F001DC17D /* UIApplication.swift */,
				D2CDC5DA2DD530CD000F5AEE /* UndoRedoAction.swift */,
			);
			path = Extensions;
			sourceTree = "<group>";
		};
		D2CFF5632D35ABE200D09F01 /* Frameworks */ = {
			isa = PBXGroup;
			children = (
				4F46FB4F2DC7D54300627B71 /* StoreKit.framework */,
				D2CFF5642D35ABE200D09F01 /* WidgetKit.framework */,
				D2CFF5662D35ABE200D09F01 /* SwiftUI.framework */,
			);
			name = Frameworks;
			sourceTree = "<group>";
		};
		D2DB715F2D3BC521000DC325 /* Habits List */ = {
			isa = PBXGroup;
			children = (
				4F28D9D92DB583E1000D9807 /* ActivityTypePickerView.swift */,
				D2CB31482CBC396A0097B7B4 /* AddHabitView.swift */,
				D2C43F2F2CA74E6D006AD5F5 /* HabitsListView.swift */,
				D2CFF55C2D35A52200D09F01 /* WeekdaysSelectorView.swift */,
			);
			path = "Habits List";
			sourceTree = "<group>";
		};
		D2DB71602D3BC54A000DC325 /* Day View */ = {
			isa = PBXGroup;
			children = (
				D2C126472CB2DA9D005E5941 /* MainListView.swift */,
				D2DB716C2D3D2F99000DC325 /* DayHabitsListView.swift */,
			);
			path = "Day View";
			sourceTree = "<group>";
		};
		D2DB71612D3BC877000DC325 /* Views */ = {
			isa = PBXGroup;
			children = (
				D29141172DD7DA6600B911E5 /* ActivityView.swift */,
				D2C09DFC2DA08FE2001DC17D /* AchievementBanner.swift */,
				D2DB715B2D39B2FA000DC325 /* HabitDetailProgressView.swift */,
				D25A7A992CA5DE4B0000E843 /* HabitItemCell.swift */,
				D2D481052CD8246C00B1DF7C /* MonthlyView.swift */,
				D2A78AB82D3EC15C0091DFB2 /* ProgressCardView.swift */,
			);
			path = Views;
			sourceTree = "<group>";
		};
		D2DB71622D3C48BF000DC325 /* Systems */ = {
			isa = PBXGroup;
			children = (
				4F28D9D62DB57D23000D9807 /* HealthActivityTemplate.swift */,
				D2DB71632D3C48D3000DC325 /* NotificationCenter.swift */,
				D2A78AB22D3D96EA0091DFB2 /* HealthKit.swift */,
				D262C5DE2D4EAA4300CDCA0E /* ModelData+Health.swift */,
				D262C5E42D4FAE5400CDCA0E /* HealthType.swift */,
				D2D457F92D4AE70C00C67484 /* HealthViewDebug.swift */,
			);
			path = Systems;
			sourceTree = "<group>";
		};
		D2DB71672D3C6A6F000DC325 /* Sounds */ = {
			isa = PBXGroup;
			children = (
				4FAA66F12DAD9EC200586FC4 /* achive-sound-1.caf */,
				4FAA66F22DAD9EC200586FC4 /* achive-sound-2.caf */,
				4FAA66F32DAD9EC200586FC4 /* achive-sound-3.caf */,
				4FAA66F42DAD9EC200586FC4 /* achive-sound-4.caf */,
				4FAA66F52DAD9EC200586FC4 /* achive-sound-5.caf */,
				D2DB71652D3C6A6F000DC325 /* Balloon Pop.caf */,
				D2DB71662D3C6A6F000DC325 /* sparkle.wav */,
				D2DB716A2D3D2A46000DC325 /* clang.wav */,
			);
			path = Sounds;
			sourceTree = "<group>";
		};
		D2DB71752D3D30DB000DC325 /* Widget */ = {
			isa = PBXGroup;
			children = (
				D2DB716E2D3D30DB000DC325 /* Assets.xcassets */,
				D2DB716F2D3D30DB000DC325 /* Daily.entitlements */,
				D2DB71702D3D30DB000DC325 /* Daily.swift */,
				D2DB71712D3D30DB000DC325 /* DailyBundle.swift */,
				D2DB71742D3D30DB000DC325 /* WidgetHabitsList.swift */,
				D2DB71722D3D30DB000DC325 /* HabitWidgetConfiguration.intentdefinition */,
				D2DB71732D3D30DB000DC325 /* Info.plist */,
			);
			path = Widget;
			sourceTree = "<group>";
		};
/* End PBXGroup section */

/* Begin PBXNativeTarget section */
		D25246262D370615003CEBF9 /* DailyExtension */ = {
			isa = PBXNativeTarget;
			buildConfigurationList = D25246372D370617003CEBF9 /* Build configuration list for PBXNativeTarget "DailyExtension" */;
			buildPhases = (
				D25246232D370615003CEBF9 /* Sources */,
				D25246242D370615003CEBF9 /* Frameworks */,
				D25246252D370615003CEBF9 /* Resources */,
			);
			buildRules = (
			);
			dependencies = (
			);
			name = DailyExtension;
			packageProductDependencies = (
			);
			productName = DailyExtension;
			productReference = D25246272D370615003CEBF9 /* DailyExtension.appex */;
			productType = "com.apple.product-type.app-extension";
		};
		D25A7A342CA5D64B0000E843 /* HabitTracker */ = {
			isa = PBXNativeTarget;
			buildConfigurationList = D25A7A5C2CA5D64D0000E843 /* Build configuration list for PBXNativeTarget "HabitTracker" */;
			buildPhases = (
				D25A7A312CA5D64B0000E843 /* Sources */,
				D25A7A322CA5D64B0000E843 /* Frameworks */,
				D25A7A332CA5D64B0000E843 /* Resources */,
				D2CFF57A2D35ABE400D09F01 /* Embed Foundation Extensions */,
				D291412B2DD7E5B900B911E5 /* Embed Watch Content */,
			);
			buildRules = (
			);
			dependencies = (
				D25246342D370617003CEBF9 /* PBXTargetDependency */,
				D29141262DD7E5B900B911E5 /* PBXTargetDependency */,
			);
			name = HabitTracker;
			packageProductDependencies = (
				D2DB71842D3D4BD9000DC325 /* ConfettiSwiftUI */,
				D203113D2D3F1A0300EC980F /* ConfettiSwiftUI */,
				D2ECACD32D569E12007B83C4 /* RainbowUI */,
				D2C09DF92DA08AAC001DC17D /* JDStatusBarNotification */,
				D21E00F82DA5CEC100F92490 /* ConfettiSwiftUI */,
				4F28D9EA2DB7A77A000D9807 /* RainbowUI */,
				4F46FB522DC7D68700627B71 /* RainbowUI */,
			);
			productName = HabitTracker;
			productReference = D25A7A352CA5D64B0000E843 /* HabitTracker.app */;
			productType = "com.apple.product-type.application";
		};
		D25A7A472CA5D64D0000E843 /* HabitTrackerTests */ = {
			isa = PBXNativeTarget;
			buildConfigurationList = D25A7A5F2CA5D64D0000E843 /* Build configuration list for PBXNativeTarget "HabitTrackerTests" */;
			buildPhases = (
				D25A7A442CA5D64D0000E843 /* Sources */,
				D25A7A452CA5D64D0000E843 /* Frameworks */,
				D25A7A462CA5D64D0000E843 /* Resources */,
			);
			buildRules = (
			);
			dependencies = (
				D25A7A4A2CA5D64D0000E843 /* PBXTargetDependency */,
			);
			name = HabitTrackerTests;
			packageProductDependencies = (
			);
			productName = HabitTrackerTests;
			productReference = D25A7A482CA5D64D0000E843 /* HabitTrackerTests.xctest */;
			productType = "com.apple.product-type.bundle.unit-test";
		};
		D25A7A512CA5D64D0000E843 /* HabitTrackerUITests */ = {
			isa = PBXNativeTarget;
			buildConfigurationList = D25A7A622CA5D64D0000E843 /* Build configuration list for PBXNativeTarget "HabitTrackerUITests" */;
			buildPhases = (
				D25A7A4E2CA5D64D0000E843 /* Sources */,
				D25A7A4F2CA5D64D0000E843 /* Frameworks */,
				D25A7A502CA5D64D0000E843 /* Resources */,
			);
			buildRules = (
			);
			dependencies = (
				D25A7A542CA5D64D0000E843 /* PBXTargetDependency */,
			);
			name = HabitTrackerUITests;
			packageProductDependencies = (
			);
			productName = HabitTrackerUITests;
			productReference = D25A7A522CA5D64D0000E843 /* HabitTrackerUITests.xctest */;
			productType = "com.apple.product-type.bundle.ui-testing";
		};
		D291411C2DD7E5B700B911E5 /* HabitTrackerWatchApp */ = {
			isa = PBXNativeTarget;
			buildConfigurationList = D29141282DD7E5B900B911E5 /* Build configuration list for PBXNativeTarget "HabitTrackerWatchApp" */;
			buildPhases = (
				D29141192DD7E5B700B911E5 /* Sources */,
				D291411A2DD7E5B700B911E5 /* Frameworks */,
				D291411B2DD7E5B700B911E5 /* Resources */,
			);
			buildRules = (
			);
			dependencies = (
			);
			name = HabitTrackerWatchApp;
			packageProductDependencies = (
			);
			productName = "HabitTrackerWatch Watch App";
			productReference = D291411D2DD7E5B700B911E5 /* HabitTrackerWatchApp.app */;
			productType = "com.apple.product-type.application";
		};
/* End PBXNativeTarget section */

/* Begin PBXProject section */
		D25A7A2D2CA5D64B0000E843 /* Project object */ = {
			isa = PBXProject;
			attributes = {
				BuildIndependentTargetsInParallel = 1;
				LastSwiftUpdateCheck = 1630;
				LastUpgradeCheck = 1630;
				TargetAttributes = {
					D25246262D370615003CEBF9 = {
						CreatedOnToolsVersion = 16.2;
					};
					D25A7A342CA5D64B0000E843 = {
						CreatedOnToolsVersion = 16.0;
					};
					D25A7A472CA5D64D0000E843 = {
						CreatedOnToolsVersion = 16.0;
						TestTargetID = D25A7A342CA5D64B0000E843;
					};
					D25A7A512CA5D64D0000E843 = {
						CreatedOnToolsVersion = 16.0;
						TestTargetID = D25A7A342CA5D64B0000E843;
					};
					D291411C2DD7E5B700B911E5 = {
						CreatedOnToolsVersion = 16.3;
					};
				};
			};
			buildConfigurationList = D25A7A302CA5D64B0000E843 /* Build configuration list for PBXProject "HabitTracker" */;
			developmentRegion = en;
			hasScannedForEncodings = 0;
			knownRegions = (
				en,
				Base,
			);
			mainGroup = D25A7A2C2CA5D64B0000E843;
			minimizedProjectReferenceProxies = 1;
			packageReferences = (
				D2C09DF82DA08AAC001DC17D /* XCRemoteSwiftPackageReference "JDStatusBarNotification" */,
				D21E00F72DA5CEC100F92490 /* XCRemoteSwiftPackageReference "ConfettiSwiftUI" */,
				4F46FB512DC7D68700627B71 /* XCRemoteSwiftPackageReference "RainbowUI" */,
			);
			preferredProjectObjectVersion = 77;
			productRefGroup = D25A7A362CA5D64B0000E843 /* Products */;
			projectDirPath = "";
			projectRoot = "";
			targets = (
				D25A7A342CA5D64B0000E843 /* HabitTracker */,
				D25A7A472CA5D64D0000E843 /* HabitTrackerTests */,
				D25A7A512CA5D64D0000E843 /* HabitTrackerUITests */,
				D25246262D370615003CEBF9 /* DailyExtension */,
				D291411C2DD7E5B700B911E5 /* HabitTrackerWatchApp */,
			);
		};
/* End PBXProject section */

/* Begin PBXResourcesBuildPhase section */
		D25246252D370615003CEBF9 /* Resources */ = {
			isa = PBXResourcesBuildPhase;
			buildActionMask = 2147483647;
			files = (
				D2DB71762D3D30DB000DC325 /* Assets.xcassets in Resources */,
				4F28D9D42DB57CF0000D9807 /* Localizable.strings in Resources */,
				4F28D9E42DB64617000D9807 /* Localizable.stringsdict in Resources */,
			);
			runOnlyForDeploymentPostprocessing = 0;
		};
		D25A7A332CA5D64B0000E843 /* Resources */ = {
			isa = PBXResourcesBuildPhase;
			buildActionMask = 2147483647;
			files = (
				4F28D9E02DB5C5B6000D9807 /* MyDailyHabitsTracker.storekit in Resources */,
				D2DB716B2D3D2A46000DC325 /* clang.wav in Resources */,
				4F28D9D52DB57CF0000D9807 /* Localizable.strings in Resources */,
				4FAA66F62DAD9EC200586FC4 /* achive-sound-2.caf in Resources */,
				4FAA66F72DAD9EC200586FC4 /* achive-sound-3.caf in Resources */,
				4FAA66F82DAD9EC200586FC4 /* achive-sound-1.caf in Resources */,
				4FAA66F92DAD9EC200586FC4 /* achive-sound-4.caf in Resources */,
				4F28D9E32DB64617000D9807 /* Localizable.stringsdict in Resources */,
				4FAA66FA2DAD9EC200586FC4 /* achive-sound-5.caf in Resources */,
				D2DB71682D3C6A6F000DC325 /* Balloon Pop.caf in Resources */,
				D2DB71692D3C6A6F000DC325 /* sparkle.wav in Resources */,
				D25A7A862CA5D7EF0000E843 /* Assets.xcassets in Resources */,
			);
			runOnlyForDeploymentPostprocessing = 0;
		};
		D25A7A462CA5D64D0000E843 /* Resources */ = {
			isa = PBXResourcesBuildPhase;
			buildActionMask = 2147483647;
			files = (
				4F8301A02DAFDD920015ED4D /* HabitTracker_Export.json in Resources */,
			);
			runOnlyForDeploymentPostprocessing = 0;
		};
		D25A7A502CA5D64D0000E843 /* Resources */ = {
			isa = PBXResourcesBuildPhase;
			buildActionMask = 2147483647;
			files = (
			);
			runOnlyForDeploymentPostprocessing = 0;
		};
		D291411B2DD7E5B700B911E5 /* Resources */ = {
			isa = PBXResourcesBuildPhase;
			buildActionMask = 2147483647;
			files = (
				D291414E2DD9D60C00B911E5 /* Assets.xcassets in Resources */,
			);
			runOnlyForDeploymentPostprocessing = 0;
		};
/* End PBXResourcesBuildPhase section */

/* Begin PBXSourcesBuildPhase section */
		D25246232D370615003CEBF9 /* Sources */ = {
			isa = PBXSourcesBuildPhase;
			buildActionMask = 2147483647;
			files = (
				D25246412D3706A3003CEBF9 /* Date.swift in Sources */,
				D25246422D3706A3003CEBF9 /* Color+extension.swift in Sources */,
				4F092E862DB5315C00FA334C /* AppIcon.swift in Sources */,
				D252463A2D370659003CEBF9 /* HabitCategory+extension.swift in Sources */,
				D262C5E22D4FA77A00CDCA0E /* SchemaV3.swift in Sources */,
				D252463C2D370659003CEBF9 /* ModelData.swift in Sources */,
				D2DB71782D3D30DB000DC325 /* Daily.swift in Sources */,
				4F8613842DB1110B0005A15A /* SchemaV4.swift in Sources */,
				D2C09DF32DA0680F001DC17D /* UIApplication.swift in Sources */,
				D2DB71792D3D30DB000DC325 /* DailyBundle.swift in Sources */,
				4F86138D2DB278F00005A15A /* ModelData+targetCount.swift in Sources */,
				D2DB717A2D3D30DB000DC325 /* HabitWidgetConfiguration.intentdefinition in Sources */,
				D2CDC5D82DD52E60000F5AEE /* DeviceShakeViewModifier.swift in Sources */,
				4F8613812DB0FAC10005A15A /* ModelData+Achievement.swift in Sources */,
				D2DB717B2D3D30DB000DC325 /* WidgetHabitsList.swift in Sources */,
				D2C09DF42DA07801001DC17D /* DailyEntry+extension.swift in Sources */,
				D2D457F82D46559000C67484 /* ModelData+fetch.swift in Sources */,
				4F83019B2DAFBB990015ED4D /* ExportImportData.swift in Sources */,
				D262C5E62D4FAF4D00CDCA0E /* HealthType.swift in Sources */,
				4F28D9D72DB57D23000D9807 /* HealthActivityTemplate.swift in Sources */,
				D262C61E2D5375E800CDCA0E /* HealthKit.swift in Sources */,
				4F28D9DC2DB5928C000D9807 /* Notification.swift in Sources */,
				D262C5E02D4EAA4A00CDCA0E /* ModelData+Health.swift in Sources */,
				D252463D2D370659003CEBF9 /* SampleData.swift in Sources */,
				D252463F2D370659003CEBF9 /* HabitItem+extension.swift in Sources */,
			);
			runOnlyForDeploymentPostprocessing = 0;
		};
		D25A7A312CA5D64B0000E843 /* Sources */ = {
			isa = PBXSourcesBuildPhase;
			buildActionMask = 2147483647;
			files = (
				4F092E802DB5248200FA334C /* OnboardingHabitsView.swift in Sources */,
				4F092E812DB5248200FA334C /* OnboardingView.swift in Sources */,
				4F092E822DB5248200FA334C /* OnboardingIntroView.swift in Sources */,
				4F092E832DB5248200FA334C /* OnboardingSubscriptionView.swift in Sources */,
				4F092E842DB5248200FA334C /* OnboardingPreview.swift in Sources */,
				4F28D9DD2DB5928C000D9807 /* Notification.swift in Sources */,
				D25A7A9A2CA5DE4B0000E843 /* HabitItemCell.swift in Sources */,
				D262C5E52D4FAE5500CDCA0E /* HealthType.swift in Sources */,
				D2D481062CD8246C00B1DF7C /* MonthlyView.swift in Sources */,
				D2C1264B2CB7371D005E5941 /* Date.swift in Sources */,
				D2CFF5592D35885500D09F01 /* HabitCategory+extension.swift in Sources */,
				4F8613962DB3FC1C0005A15A /* TimelineConnector.swift in Sources */,
				4F8613972DB3FC1C0005A15A /* TimelineModels.swift in Sources */,
				4F8613982DB3FC1C0005A15A /* TimelineEntryView.swift in Sources */,
				4F8613992DB3FC1C0005A15A /* TimelineDayGroup.swift in Sources */,
				D25A7A962CA5DD460000E843 /* Color+extension.swift in Sources */,
				D2CDC5D92DD52E60000F5AEE /* DeviceShakeViewModifier.swift in Sources */,
				D28309DA2CA9B32100C6B22A /* DailyEntry+extension.swift in Sources */,
				D2DB71642D3C48DB000DC325 /* NotificationCenter.swift in Sources */,
				4F092E872DB5315C00FA334C /* AppIcon.swift in Sources */,
				D2CDC5DC2DD530CD000F5AEE /* UndoRedoAction.swift in Sources */,
				D25AED9B2D9C82B0009C4B7B /* ModelData+Achievement.swift in Sources */,
				D2C126482CB2DAAC005E5941 /* MainListView.swift in Sources */,
				D2CB31492CBC396B0097B7B4 /* AddHabitView.swift in Sources */,
				D2DB715C2D39B30C000DC325 /* HabitDetailProgressView.swift in Sources */,
				4F28D9DA2DB583E1000D9807 /* ActivityTypePickerView.swift in Sources */,
				4F86138C2DB278F00005A15A /* ModelData+targetCount.swift in Sources */,
				D25A7A882CA5D7EF0000E843 /* ContentView.swift in Sources */,
				D2D457FA2D4AE71000C67484 /* HealthViewDebug.swift in Sources */,
				D2C09DF22DA0680F001DC17D /* UIApplication.swift in Sources */,
				D25A7A892CA5D7EF0000E843 /* HabitTrackerApp.swift in Sources */,
				D2C09DFD2DA09001001DC17D /* AchievementBanner.swift in Sources */,
				4F8613832DB1110B0005A15A /* SchemaV4.swift in Sources */,
				4F28D9D82DB57D23000D9807 /* HealthActivityTemplate.swift in Sources */,
				D2DB716D2D3D2F99000DC325 /* DayHabitsListView.swift in Sources */,
				D262C5E32D4FA77A00CDCA0E /* SchemaV3.swift in Sources */,
				D28309DD2CA9B3F200C6B22A /* SampleData.swift in Sources */,
				D262C5DF2D4EAA4A00CDCA0E /* ModelData+Health.swift in Sources */,
				D2DB717C2D3D30DB000DC325 /* WidgetHabitsList.swift in Sources */,
				D2CFF55D2D35A52200D09F01 /* WeekdaysSelectorView.swift in Sources */,
				D25A7A8A2CA5D7EF0000E843 /* HabitItem+extension.swift in Sources */,
				D29141182DD7DA6600B911E5 /* ActivityView.swift in Sources */,
				4F83019C2DAFBB990015ED4D /* ExportImportData.swift in Sources */,
				D2D457F72D46559000C67484 /* ModelData+fetch.swift in Sources */,
				D2A78AB32D3D96F40091DFB2 /* HealthKit.swift in Sources */,
				D2C43F302CA74F7F006AD5F5 /* HabitsListView.swift in Sources */,
				D2CB31472CBC1EC20097B7B4 /* ModelData.swift in Sources */,
				D2A78AB92D3EC15E0091DFB2 /* ProgressCardView.swift in Sources */,
				4F8613912DB2FB530005A15A /* TimelineView.swift in Sources */,
				4F28D9E72DB66081000D9807 /* StoreManager.swift in Sources */,
				4F46FB552DC8F97700627B71 /* PurchaseSubscriptionView.swift in Sources */,
				4F28D9E82DB66081000D9807 /* SubscriptionService.swift in Sources */,
			);
			runOnlyForDeploymentPostprocessing = 0;
		};
		D25A7A442CA5D64D0000E843 /* Sources */ = {
			isa = PBXSourcesBuildPhase;
			buildActionMask = 2147483647;
			files = (
				4F83019E2DAFBF940015ED4D /* ExportImportTests.swift in Sources */,
				D25A7A8D2CA5D8120000E843 /* HabitTrackerTests.swift in Sources */,
				D26D06F92DAF03E1009C15D4 /* ModelDataFetchTests.swift in Sources */,
				D26D06F62DAEF1E0009C15D4 /* StreakTests.swift in Sources */,
				4F86138A2DB1354C0005A15A /* MigrationTests.swift in Sources */,
				4F6D4AE72DA856920018448A /* AchievementTests.swift in Sources */,
				D262C5E82D4FFCD700CDCA0E /* HealthTypeTests.swift in Sources */,
			);
			runOnlyForDeploymentPostprocessing = 0;
		};
		D25A7A4E2CA5D64D0000E843 /* Sources */ = {
			isa = PBXSourcesBuildPhase;
			buildActionMask = 2147483647;
			files = (
				D25A7A912CA5D8120000E843 /* HabitTrackerUITests.swift in Sources */,
				D25A7A922CA5D8120000E843 /* HabitTrackerUITestsLaunchTests.swift in Sources */,
			);
			runOnlyForDeploymentPostprocessing = 0;
		};
		D29141192DD7E5B700B911E5 /* Sources */ = {
			isa = PBXSourcesBuildPhase;
			buildActionMask = 2147483647;
			files = (
				D29141422DD9D2ED00B911E5 /* Color+extension.swift in Sources */,
				D29141582DD9E31600B911E5 /* AchievementBanner.swift in Sources */,
				D29141432DD9D2ED00B911E5 /* UIApplication.swift in Sources */,
				D29141452DD9D2ED00B911E5 /* Date.swift in Sources */,
				D29141462DD9D2ED00B911E5 /* AppIcon.swift in Sources */,
				D29141332DD9D28B00B911E5 /* ModelData+targetCount.swift in Sources */,
				D29141562DD9E2A300B911E5 /* HabitItemCell.swift in Sources */,
				D29141342DD9D28B00B911E5 /* SchemaV3.swift in Sources */,
				D29141352DD9D28B00B911E5 /* ModelData+fetch.swift in Sources */,
				D29141362DD9D28B00B911E5 /* HabitCategory+extension.swift in Sources */,
				D291415A2DD9E4E500B911E5 /* MonthlyView.swift in Sources */,
				D29141522DD9E23E00B911E5 /* DayHabitsListView.swift in Sources */,
				D29141372DD9D28B00B911E5 /* ModelData+Achievement.swift in Sources */,
				D29141382DD9D28B00B911E5 /* ExportImportData.swift in Sources */,
				D29141552DD9E29700B911E5 /* HabitDetailProgressView.swift in Sources */,
				D291413F2DD9D2BE00B911E5 /* HealthKit.swift in Sources */,
				D29141592DD9E4D800B911E5 /* ProgressCardView.swift in Sources */,
				D29141392DD9D28B00B911E5 /* SchemaV4.swift in Sources */,
				D29141512DD9D69D00B911E5 /* WidgetHabitsList.swift in Sources */,
				D291413A2DD9D28B00B911E5 /* SampleData.swift in Sources */,
				D291413E2DD9D2B800B911E5 /* ModelData+Health.swift in Sources */,
				D291413B2DD9D28B00B911E5 /* DailyEntry+extension.swift in Sources */,
				D291414F2DD9D60C00B911E5 /* ContentView.swift in Sources */,
				D29141502DD9D60C00B911E5 /* HabitTrackerWatchApp.swift in Sources */,
				D291413D2DD9D2B100B911E5 /* HealthType.swift in Sources */,
				D291413C2DD9D28B00B911E5 /* HabitItem+extension.swift in Sources */,
				D29141322DD9D28200B911E5 /* ModelData.swift in Sources */,
				D29141402DD9D2D400B911E5 /* HealthActivityTemplate.swift in Sources */,
			);
			runOnlyForDeploymentPostprocessing = 0;
		};
/* End PBXSourcesBuildPhase section */

/* Begin PBXTargetDependency section */
		D25246342D370617003CEBF9 /* PBXTargetDependency */ = {
			isa = PBXTargetDependency;
			target = D25246262D370615003CEBF9 /* DailyExtension */;
			targetProxy = D25246332D370617003CEBF9 /* PBXContainerItemProxy */;
		};
		D25A7A4A2CA5D64D0000E843 /* PBXTargetDependency */ = {
			isa = PBXTargetDependency;
			target = D25A7A342CA5D64B0000E843 /* HabitTracker */;
			targetProxy = D25A7A492CA5D64D0000E843 /* PBXContainerItemProxy */;
		};
		D25A7A542CA5D64D0000E843 /* PBXTargetDependency */ = {
			isa = PBXTargetDependency;
			target = D25A7A342CA5D64B0000E843 /* HabitTracker */;
			targetProxy = D25A7A532CA5D64D0000E843 /* PBXContainerItemProxy */;
		};
		D29141262DD7E5B900B911E5 /* PBXTargetDependency */ = {
			isa = PBXTargetDependency;
			target = D291411C2DD7E5B700B911E5 /* HabitTrackerWatchApp */;
			targetProxy = D29141252DD7E5B900B911E5 /* PBXContainerItemProxy */;
		};
/* End PBXTargetDependency section */

/* Begin PBXVariantGroup section */
		4F28D9D22DB57CF0000D9807 /* Localizable.strings */ = {
			isa = PBXVariantGroup;
			children = (
				4F28D9D12DB57CF0000D9807 /* en */,
			);
			name = Localizable.strings;
			sourceTree = "<group>";
		};
		4F28D9E12DB64617000D9807 /* Localizable.stringsdict */ = {
			isa = PBXVariantGroup;
			children = (
				4F28D9E22DB64617000D9807 /* en */,
			);
			name = Localizable.stringsdict;
			sourceTree = "<group>";
		};
/* End PBXVariantGroup section */

/* Begin XCBuildConfiguration section */
		D25246382D370617003CEBF9 /* Debug */ = {
			isa = XCBuildConfiguration;
			buildSettings = {
				ASSETCATALOG_COMPILER_GLOBAL_ACCENT_COLOR_NAME = AccentColor;
				ASSETCATALOG_COMPILER_WIDGET_BACKGROUND_COLOR_NAME = WidgetBackground;
				CODE_SIGN_ENTITLEMENTS = Widget/Daily.entitlements;
				CODE_SIGN_STYLE = Automatic;
				CURRENT_PROJECT_VERSION = 27;
				DEAD_CODE_STRIPPING = YES;
				ENABLE_HARDENED_RUNTIME = YES;
				GENERATE_INFOPLIST_FILE = YES;
				INFOPLIST_FILE = Widget/Info.plist;
				INFOPLIST_KEY_CFBundleDisplayName = Daily;
				INFOPLIST_KEY_NSHumanReadableCopyright = "";
				IPHONEOS_DEPLOYMENT_TARGET = 18.0;
				LD_RUNPATH_SEARCH_PATHS = (
					"$(inherited)",
					"@executable_path/Frameworks",
					"@executable_path/../../Frameworks",
				);
				"LD_RUNPATH_SEARCH_PATHS[sdk=macosx*]" = (
					"$(inherited)",
					"@executable_path/../Frameworks",
					"@executable_path/../../../../Frameworks",
				);
				MACOSX_DEPLOYMENT_TARGET = 15.0;
				MARKETING_VERSION = 1.0.2;
				PRODUCT_BUNDLE_IDENTIFIER = com.sakrist.HabitTracker.Daily;
				PRODUCT_NAME = "$(TARGET_NAME)";
				REGISTER_APP_GROUPS = YES;
				SDKROOT = auto;
				SKIP_INSTALL = YES;
				SUPPORTED_PLATFORMS = "iphoneos iphonesimulator macosx";
				SUPPORTS_MACCATALYST = NO;
				SWIFT_EMIT_LOC_STRINGS = YES;
				SWIFT_VERSION = 5.0;
				TARGETED_DEVICE_FAMILY = "1,2";
				XROS_DEPLOYMENT_TARGET = 2.2;
			};
			name = Debug;
		};
		D25246392D370617003CEBF9 /* Release */ = {
			isa = XCBuildConfiguration;
			buildSettings = {
				ASSETCATALOG_COMPILER_GLOBAL_ACCENT_COLOR_NAME = AccentColor;
				ASSETCATALOG_COMPILER_WIDGET_BACKGROUND_COLOR_NAME = WidgetBackground;
				CODE_SIGN_ENTITLEMENTS = Widget/Daily.entitlements;
				CODE_SIGN_STYLE = Automatic;
				CURRENT_PROJECT_VERSION = 27;
				DEAD_CODE_STRIPPING = YES;
				ENABLE_HARDENED_RUNTIME = YES;
				GENERATE_INFOPLIST_FILE = YES;
				INFOPLIST_FILE = Widget/Info.plist;
				INFOPLIST_KEY_CFBundleDisplayName = Daily;
				INFOPLIST_KEY_NSHumanReadableCopyright = "";
				IPHONEOS_DEPLOYMENT_TARGET = 18.0;
				LD_RUNPATH_SEARCH_PATHS = (
					"$(inherited)",
					"@executable_path/Frameworks",
					"@executable_path/../../Frameworks",
				);
				"LD_RUNPATH_SEARCH_PATHS[sdk=macosx*]" = (
					"$(inherited)",
					"@executable_path/../Frameworks",
					"@executable_path/../../../../Frameworks",
				);
				MACOSX_DEPLOYMENT_TARGET = 15.0;
				MARKETING_VERSION = 1.0.2;
				PRODUCT_BUNDLE_IDENTIFIER = com.sakrist.HabitTracker.Daily;
				PRODUCT_NAME = "$(TARGET_NAME)";
				REGISTER_APP_GROUPS = YES;
				SDKROOT = auto;
				SKIP_INSTALL = YES;
				SUPPORTED_PLATFORMS = "iphoneos iphonesimulator macosx";
				SUPPORTS_MACCATALYST = NO;
				SWIFT_EMIT_LOC_STRINGS = YES;
				SWIFT_VERSION = 5.0;
				TARGETED_DEVICE_FAMILY = "1,2";
				XROS_DEPLOYMENT_TARGET = 2.2;
			};
			name = Release;
		};
		D25A7A5A2CA5D64D0000E843 /* Debug */ = {
			isa = XCBuildConfiguration;
			buildSettings = {
				ALWAYS_SEARCH_USER_PATHS = NO;
				ASSETCATALOG_COMPILER_GENERATE_SWIFT_ASSET_SYMBOL_EXTENSIONS = YES;
				CLANG_ANALYZER_NONNULL = YES;
				CLANG_ANALYZER_NUMBER_OBJECT_CONVERSION = YES_AGGRESSIVE;
				CLANG_CXX_LANGUAGE_STANDARD = "gnu++20";
				CLANG_ENABLE_MODULES = YES;
				CLANG_ENABLE_OBJC_ARC = YES;
				CLANG_ENABLE_OBJC_WEAK = YES;
				CLANG_WARN_BLOCK_CAPTURE_AUTORELEASING = YES;
				CLANG_WARN_BOOL_CONVERSION = YES;
				CLANG_WARN_COMMA = YES;
				CLANG_WARN_CONSTANT_CONVERSION = YES;
				CLANG_WARN_DEPRECATED_OBJC_IMPLEMENTATIONS = YES;
				CLANG_WARN_DIRECT_OBJC_ISA_USAGE = YES_ERROR;
				CLANG_WARN_DOCUMENTATION_COMMENTS = YES;
				CLANG_WARN_EMPTY_BODY = YES;
				CLANG_WARN_ENUM_CONVERSION = YES;
				CLANG_WARN_INFINITE_RECURSION = YES;
				CLANG_WARN_INT_CONVERSION = YES;
				CLANG_WARN_NON_LITERAL_NULL_CONVERSION = YES;
				CLANG_WARN_OBJC_IMPLICIT_RETAIN_SELF = YES;
				CLANG_WARN_OBJC_LITERAL_CONVERSION = YES;
				CLANG_WARN_OBJC_ROOT_CLASS = YES_ERROR;
				CLANG_WARN_QUOTED_INCLUDE_IN_FRAMEWORK_HEADER = YES;
				CLANG_WARN_RANGE_LOOP_ANALYSIS = YES;
				CLANG_WARN_STRICT_PROTOTYPES = YES;
				CLANG_WARN_SUSPICIOUS_MOVE = YES;
				CLANG_WARN_UNGUARDED_AVAILABILITY = YES_AGGRESSIVE;
				CLANG_WARN_UNREACHABLE_CODE = YES;
				CLANG_WARN__DUPLICATE_METHOD_MATCH = YES;
				COPY_PHASE_STRIP = NO;
				DEAD_CODE_STRIPPING = YES;
				DEBUG_INFORMATION_FORMAT = dwarf;
				DEVELOPMENT_TEAM = DHKZ7WR43P;
				ENABLE_STRICT_OBJC_MSGSEND = YES;
				ENABLE_TESTABILITY = YES;
				ENABLE_USER_SCRIPT_SANDBOXING = YES;
				GCC_C_LANGUAGE_STANDARD = gnu17;
				GCC_DYNAMIC_NO_PIC = NO;
				GCC_NO_COMMON_BLOCKS = YES;
				GCC_OPTIMIZATION_LEVEL = 0;
				GCC_PREPROCESSOR_DEFINITIONS = (
					"DEBUG=1",
					"$(inherited)",
				);
				GCC_WARN_64_TO_32_BIT_CONVERSION = YES;
				GCC_WARN_ABOUT_RETURN_TYPE = YES_ERROR;
				GCC_WARN_UNDECLARED_SELECTOR = YES;
				GCC_WARN_UNINITIALIZED_AUTOS = YES_AGGRESSIVE;
				GCC_WARN_UNUSED_FUNCTION = YES;
				GCC_WARN_UNUSED_VARIABLE = YES;
				LOCALIZATION_PREFERS_STRING_CATALOGS = YES;
				MTL_ENABLE_DEBUG_INFO = INCLUDE_SOURCE;
				MTL_FAST_MATH = YES;
				ONLY_ACTIVE_ARCH = YES;
				SWIFT_ACTIVE_COMPILATION_CONDITIONS = "DEBUG $(inherited)";
				SWIFT_OPTIMIZATION_LEVEL = "-Onone";
			};
			name = Debug;
		};
		D25A7A5B2CA5D64D0000E843 /* Release */ = {
			isa = XCBuildConfiguration;
			buildSettings = {
				ALWAYS_SEARCH_USER_PATHS = NO;
				ASSETCATALOG_COMPILER_GENERATE_SWIFT_ASSET_SYMBOL_EXTENSIONS = YES;
				CLANG_ANALYZER_NONNULL = YES;
				CLANG_ANALYZER_NUMBER_OBJECT_CONVERSION = YES_AGGRESSIVE;
				CLANG_CXX_LANGUAGE_STANDARD = "gnu++20";
				CLANG_ENABLE_MODULES = YES;
				CLANG_ENABLE_OBJC_ARC = YES;
				CLANG_ENABLE_OBJC_WEAK = YES;
				CLANG_WARN_BLOCK_CAPTURE_AUTORELEASING = YES;
				CLANG_WARN_BOOL_CONVERSION = YES;
				CLANG_WARN_COMMA = YES;
				CLANG_WARN_CONSTANT_CONVERSION = YES;
				CLANG_WARN_DEPRECATED_OBJC_IMPLEMENTATIONS = YES;
				CLANG_WARN_DIRECT_OBJC_ISA_USAGE = YES_ERROR;
				CLANG_WARN_DOCUMENTATION_COMMENTS = YES;
				CLANG_WARN_EMPTY_BODY = YES;
				CLANG_WARN_ENUM_CONVERSION = YES;
				CLANG_WARN_INFINITE_RECURSION = YES;
				CLANG_WARN_INT_CONVERSION = YES;
				CLANG_WARN_NON_LITERAL_NULL_CONVERSION = YES;
				CLANG_WARN_OBJC_IMPLICIT_RETAIN_SELF = YES;
				CLANG_WARN_OBJC_LITERAL_CONVERSION = YES;
				CLANG_WARN_OBJC_ROOT_CLASS = YES_ERROR;
				CLANG_WARN_QUOTED_INCLUDE_IN_FRAMEWORK_HEADER = YES;
				CLANG_WARN_RANGE_LOOP_ANALYSIS = YES;
				CLANG_WARN_STRICT_PROTOTYPES = YES;
				CLANG_WARN_SUSPICIOUS_MOVE = YES;
				CLANG_WARN_UNGUARDED_AVAILABILITY = YES_AGGRESSIVE;
				CLANG_WARN_UNREACHABLE_CODE = YES;
				CLANG_WARN__DUPLICATE_METHOD_MATCH = YES;
				COPY_PHASE_STRIP = NO;
				DEAD_CODE_STRIPPING = YES;
				DEBUG_INFORMATION_FORMAT = "dwarf-with-dsym";
				DEVELOPMENT_TEAM = DHKZ7WR43P;
				ENABLE_NS_ASSERTIONS = NO;
				ENABLE_STRICT_OBJC_MSGSEND = YES;
				ENABLE_USER_SCRIPT_SANDBOXING = YES;
				GCC_C_LANGUAGE_STANDARD = gnu17;
				GCC_NO_COMMON_BLOCKS = YES;
				GCC_WARN_64_TO_32_BIT_CONVERSION = YES;
				GCC_WARN_ABOUT_RETURN_TYPE = YES_ERROR;
				GCC_WARN_UNDECLARED_SELECTOR = YES;
				GCC_WARN_UNINITIALIZED_AUTOS = YES_AGGRESSIVE;
				GCC_WARN_UNUSED_FUNCTION = YES;
				GCC_WARN_UNUSED_VARIABLE = YES;
				LOCALIZATION_PREFERS_STRING_CATALOGS = YES;
				MTL_ENABLE_DEBUG_INFO = NO;
				MTL_FAST_MATH = YES;
				SWIFT_COMPILATION_MODE = wholemodule;
			};
			name = Release;
		};
		D25A7A5D2CA5D64D0000E843 /* Debug */ = {
			isa = XCBuildConfiguration;
			buildSettings = {
				ASSETCATALOG_COMPILER_APPICON_NAME = AppIcon;
				ASSETCATALOG_COMPILER_GLOBAL_ACCENT_COLOR_NAME = AccentColor;
				ASSETCATALOG_COMPILER_INCLUDE_ALL_APPICON_ASSETS = YES;
				CODE_SIGN_ENTITLEMENTS = HabitTracker/HabitTracker.entitlements;
				CODE_SIGN_STYLE = Automatic;
				CURRENT_PROJECT_VERSION = 28;
				DEAD_CODE_STRIPPING = YES;
				ENABLE_HARDENED_RUNTIME = YES;
				ENABLE_PREVIEWS = YES;
				GENERATE_INFOPLIST_FILE = YES;
				INFOPLIST_FILE = HabitTracker/Info.plist;
				INFOPLIST_KEY_CFBundleDisplayName = "Habits Tracker";
				INFOPLIST_KEY_ITSAppUsesNonExemptEncryption = NO;
				INFOPLIST_KEY_LSApplicationCategoryType = "public.app-category.lifestyle";
				INFOPLIST_KEY_NSHealthShareUsageDescription = "This app uses Health data to track your activities and progress to update habits completion.";
				INFOPLIST_KEY_NSHealthUpdateUsageDescription = "This app uses Health data to track your activities and progress to update habits completion.";
				"INFOPLIST_KEY_UIApplicationSceneManifest_Generation[sdk=iphoneos*]" = YES;
				"INFOPLIST_KEY_UIApplicationSceneManifest_Generation[sdk=iphonesimulator*]" = YES;
				"INFOPLIST_KEY_UIApplicationSupportsIndirectInputEvents[sdk=iphoneos*]" = YES;
				"INFOPLIST_KEY_UIApplicationSupportsIndirectInputEvents[sdk=iphonesimulator*]" = YES;
				"INFOPLIST_KEY_UILaunchScreen_Generation[sdk=iphoneos*]" = YES;
				"INFOPLIST_KEY_UILaunchScreen_Generation[sdk=iphonesimulator*]" = YES;
				INFOPLIST_KEY_UIStatusBarHidden = NO;
				"INFOPLIST_KEY_UIStatusBarStyle[sdk=iphoneos*]" = UIStatusBarStyleDefault;
				"INFOPLIST_KEY_UIStatusBarStyle[sdk=iphonesimulator*]" = UIStatusBarStyleDefault;
				INFOPLIST_KEY_UISupportedInterfaceOrientations = UIInterfaceOrientationPortrait;
				INFOPLIST_KEY_UISupportedInterfaceOrientations_iPad = "UIInterfaceOrientationPortrait UIInterfaceOrientationPortraitUpsideDown";
				IPHONEOS_DEPLOYMENT_TARGET = 18.0;
				LD_RUNPATH_SEARCH_PATHS = "@executable_path/Frameworks";
				"LD_RUNPATH_SEARCH_PATHS[sdk=macosx*]" = "@executable_path/../Frameworks";
				MACOSX_DEPLOYMENT_TARGET = 14.0;
				MARKETING_VERSION = 1.0.3;
				PRODUCT_BUNDLE_IDENTIFIER = com.sakrist.HabitTracker;
				PRODUCT_NAME = "$(TARGET_NAME)";
				REGISTER_APP_GROUPS = YES;
				SDKROOT = auto;
				SUPPORTED_PLATFORMS = "iphonesimulator iphoneos";
				SUPPORTS_MACCATALYST = NO;
				SWIFT_EMIT_LOC_STRINGS = YES;
				SWIFT_VERSION = 5.0;
				TARGETED_DEVICE_FAMILY = 1;
				XROS_DEPLOYMENT_TARGET = 2.0;
			};
			name = Debug;
		};
		D25A7A5E2CA5D64D0000E843 /* Release */ = {
			isa = XCBuildConfiguration;
			buildSettings = {
				ASSETCATALOG_COMPILER_APPICON_NAME = AppIcon;
				ASSETCATALOG_COMPILER_GLOBAL_ACCENT_COLOR_NAME = AccentColor;
				ASSETCATALOG_COMPILER_INCLUDE_ALL_APPICON_ASSETS = YES;
				CODE_SIGN_ENTITLEMENTS = HabitTracker/HabitTracker.entitlements;
				CODE_SIGN_STYLE = Automatic;
				CURRENT_PROJECT_VERSION = 28;
				DEAD_CODE_STRIPPING = YES;
				ENABLE_HARDENED_RUNTIME = YES;
				ENABLE_PREVIEWS = YES;
				GENERATE_INFOPLIST_FILE = YES;
				INFOPLIST_FILE = HabitTracker/Info.plist;
				INFOPLIST_KEY_CFBundleDisplayName = "Habits Tracker";
				INFOPLIST_KEY_ITSAppUsesNonExemptEncryption = NO;
				INFOPLIST_KEY_LSApplicationCategoryType = "public.app-category.lifestyle";
				INFOPLIST_KEY_NSHealthShareUsageDescription = "This app uses Health data to track your activities and progress to update habits completion.";
				INFOPLIST_KEY_NSHealthUpdateUsageDescription = "This app uses Health data to track your activities and progress to update habits completion.";
				"INFOPLIST_KEY_UIApplicationSceneManifest_Generation[sdk=iphoneos*]" = YES;
				"INFOPLIST_KEY_UIApplicationSceneManifest_Generation[sdk=iphonesimulator*]" = YES;
				"INFOPLIST_KEY_UIApplicationSupportsIndirectInputEvents[sdk=iphoneos*]" = YES;
				"INFOPLIST_KEY_UIApplicationSupportsIndirectInputEvents[sdk=iphonesimulator*]" = YES;
				"INFOPLIST_KEY_UILaunchScreen_Generation[sdk=iphoneos*]" = YES;
				"INFOPLIST_KEY_UILaunchScreen_Generation[sdk=iphonesimulator*]" = YES;
				INFOPLIST_KEY_UIStatusBarHidden = NO;
				"INFOPLIST_KEY_UIStatusBarStyle[sdk=iphoneos*]" = UIStatusBarStyleDefault;
				"INFOPLIST_KEY_UIStatusBarStyle[sdk=iphonesimulator*]" = UIStatusBarStyleDefault;
				INFOPLIST_KEY_UISupportedInterfaceOrientations = UIInterfaceOrientationPortrait;
				INFOPLIST_KEY_UISupportedInterfaceOrientations_iPad = "UIInterfaceOrientationPortrait UIInterfaceOrientationPortraitUpsideDown";
				IPHONEOS_DEPLOYMENT_TARGET = 18.0;
				LD_RUNPATH_SEARCH_PATHS = "@executable_path/Frameworks";
				"LD_RUNPATH_SEARCH_PATHS[sdk=macosx*]" = "@executable_path/../Frameworks";
				MACOSX_DEPLOYMENT_TARGET = 14.0;
				MARKETING_VERSION = 1.0.3;
				PRODUCT_BUNDLE_IDENTIFIER = com.sakrist.HabitTracker;
				PRODUCT_NAME = "$(TARGET_NAME)";
				REGISTER_APP_GROUPS = YES;
				SDKROOT = auto;
				SUPPORTED_PLATFORMS = "iphonesimulator iphoneos";
				SUPPORTS_MACCATALYST = NO;
				SWIFT_EMIT_LOC_STRINGS = YES;
				SWIFT_VERSION = 5.0;
				TARGETED_DEVICE_FAMILY = 1;
				XROS_DEPLOYMENT_TARGET = 2.0;
			};
			name = Release;
		};
		D25A7A602CA5D64D0000E843 /* Debug */ = {
			isa = XCBuildConfiguration;
			buildSettings = {
				BUNDLE_LOADER = "$(TEST_HOST)";
				CODE_SIGN_STYLE = Automatic;
				CURRENT_PROJECT_VERSION = 1;
				DEAD_CODE_STRIPPING = YES;
				GENERATE_INFOPLIST_FILE = YES;
				IPHONEOS_DEPLOYMENT_TARGET = 18.0;
				MACOSX_DEPLOYMENT_TARGET = 15.0;
				MARKETING_VERSION = 1.0;
				PRODUCT_BUNDLE_IDENTIFIER = com.sakrist.HabitTrackerTests;
				PRODUCT_NAME = "$(TARGET_NAME)";
				SDKROOT = auto;
				SUPPORTED_PLATFORMS = "iphoneos iphonesimulator";
				SUPPORTS_MACCATALYST = NO;
				SWIFT_EMIT_LOC_STRINGS = NO;
				SWIFT_VERSION = 5.0;
				TARGETED_DEVICE_FAMILY = 1;
				TEST_HOST = "$(BUILT_PRODUCTS_DIR)/HabitTracker.app/$(BUNDLE_EXECUTABLE_FOLDER_PATH)/HabitTracker";
				XROS_DEPLOYMENT_TARGET = 2.0;
			};
			name = Debug;
		};
		D25A7A612CA5D64D0000E843 /* Release */ = {
			isa = XCBuildConfiguration;
			buildSettings = {
				BUNDLE_LOADER = "$(TEST_HOST)";
				CODE_SIGN_STYLE = Automatic;
				CURRENT_PROJECT_VERSION = 1;
				DEAD_CODE_STRIPPING = YES;
				GENERATE_INFOPLIST_FILE = YES;
				IPHONEOS_DEPLOYMENT_TARGET = 18.0;
				MACOSX_DEPLOYMENT_TARGET = 15.0;
				MARKETING_VERSION = 1.0;
				PRODUCT_BUNDLE_IDENTIFIER = com.sakrist.HabitTrackerTests;
				PRODUCT_NAME = "$(TARGET_NAME)";
				SDKROOT = auto;
				SUPPORTED_PLATFORMS = "iphoneos iphonesimulator";
				SUPPORTS_MACCATALYST = NO;
				SWIFT_EMIT_LOC_STRINGS = NO;
				SWIFT_VERSION = 5.0;
				TARGETED_DEVICE_FAMILY = 1;
				TEST_HOST = "$(BUILT_PRODUCTS_DIR)/HabitTracker.app/$(BUNDLE_EXECUTABLE_FOLDER_PATH)/HabitTracker";
				XROS_DEPLOYMENT_TARGET = 2.0;
			};
			name = Release;
		};
		D25A7A632CA5D64D0000E843 /* Debug */ = {
			isa = XCBuildConfiguration;
			buildSettings = {
				CODE_SIGN_STYLE = Automatic;
				CURRENT_PROJECT_VERSION = 1;
				DEAD_CODE_STRIPPING = YES;
				GENERATE_INFOPLIST_FILE = YES;
				IPHONEOS_DEPLOYMENT_TARGET = 18.0;
				MACOSX_DEPLOYMENT_TARGET = 15.0;
				MARKETING_VERSION = 1.0;
				PRODUCT_BUNDLE_IDENTIFIER = com.sakrist.HabitTrackerUITests;
				PRODUCT_NAME = "$(TARGET_NAME)";
				PROVISIONING_PROFILE = "";
				SDKROOT = auto;
				SUPPORTED_PLATFORMS = "iphoneos iphonesimulator macosx xros xrsimulator";
				SWIFT_EMIT_LOC_STRINGS = NO;
				SWIFT_VERSION = 5.0;
				TARGETED_DEVICE_FAMILY = "1,2,7";
				TEST_TARGET_NAME = HabitTracker;
				XROS_DEPLOYMENT_TARGET = 2.0;
			};
			name = Debug;
		};
		D25A7A642CA5D64D0000E843 /* Release */ = {
			isa = XCBuildConfiguration;
			buildSettings = {
				CODE_SIGN_STYLE = Automatic;
				CURRENT_PROJECT_VERSION = 1;
				DEAD_CODE_STRIPPING = YES;
				GENERATE_INFOPLIST_FILE = YES;
				IPHONEOS_DEPLOYMENT_TARGET = 18.0;
				MACOSX_DEPLOYMENT_TARGET = 15.0;
				MARKETING_VERSION = 1.0;
				PRODUCT_BUNDLE_IDENTIFIER = com.sakrist.HabitTrackerUITests;
				PRODUCT_NAME = "$(TARGET_NAME)";
				PROVISIONING_PROFILE = "";
				SDKROOT = auto;
				SUPPORTED_PLATFORMS = "iphoneos iphonesimulator macosx xros xrsimulator";
				SWIFT_EMIT_LOC_STRINGS = NO;
				SWIFT_VERSION = 5.0;
				TARGETED_DEVICE_FAMILY = "1,2,7";
				TEST_TARGET_NAME = HabitTracker;
				XROS_DEPLOYMENT_TARGET = 2.0;
			};
			name = Release;
		};
		D29141292DD7E5B900B911E5 /* Debug */ = {
			isa = XCBuildConfiguration;
			buildSettings = {
				ASSETCATALOG_COMPILER_APPICON_NAME = AppIcon;
				ASSETCATALOG_COMPILER_GLOBAL_ACCENT_COLOR_NAME = AccentColor;
				ASSETCATALOG_COMPILER_INCLUDE_ALL_APPICON_ASSETS = YES;
				CODE_SIGN_ENTITLEMENTS = HabitTrackerWatchApp/HabitTrackerWatchApp.entitlements;
				CODE_SIGN_STYLE = Automatic;
				CURRENT_PROJECT_VERSION = 27;
				ENABLE_PREVIEWS = YES;
				GENERATE_INFOPLIST_FILE = YES;
				INFOPLIST_FILE = HabitTrackerWatchApp/Info.plist;
				INFOPLIST_KEY_CFBundleDisplayName = HabitTracker;
				INFOPLIST_KEY_UISupportedInterfaceOrientations = "UIInterfaceOrientationPortrait UIInterfaceOrientationPortraitUpsideDown";
				INFOPLIST_KEY_WKCompanionAppBundleIdentifier = com.sakrist.HabitTracker;
				LD_RUNPATH_SEARCH_PATHS = (
					"$(inherited)",
					"@executable_path/Frameworks",
				);
				MARKETING_VERSION = 1.0.2;
				PRODUCT_BUNDLE_IDENTIFIER = com.sakrist.HabitTracker.watchkitapp;
				PRODUCT_NAME = "$(TARGET_NAME)";
				SDKROOT = watchos;
				SKIP_INSTALL = YES;
				SWIFT_EMIT_LOC_STRINGS = YES;
				SWIFT_VERSION = 5.0;
				TARGETED_DEVICE_FAMILY = 4;
				WATCHOS_DEPLOYMENT_TARGET = 10.5;
			};
			name = Debug;
		};
		D291412A2DD7E5B900B911E5 /* Release */ = {
			isa = XCBuildConfiguration;
			buildSettings = {
				ASSETCATALOG_COMPILER_APPICON_NAME = AppIcon;
				ASSETCATALOG_COMPILER_GLOBAL_ACCENT_COLOR_NAME = AccentColor;
				ASSETCATALOG_COMPILER_INCLUDE_ALL_APPICON_ASSETS = YES;
				CODE_SIGN_ENTITLEMENTS = HabitTrackerWatchApp/HabitTrackerWatchApp.entitlements;
				CODE_SIGN_STYLE = Automatic;
				CURRENT_PROJECT_VERSION = 27;
				ENABLE_PREVIEWS = YES;
				GENERATE_INFOPLIST_FILE = YES;
				INFOPLIST_FILE = HabitTrackerWatchApp/Info.plist;
				INFOPLIST_KEY_CFBundleDisplayName = HabitTracker;
				INFOPLIST_KEY_UISupportedInterfaceOrientations = "UIInterfaceOrientationPortrait UIInterfaceOrientationPortraitUpsideDown";
				INFOPLIST_KEY_WKCompanionAppBundleIdentifier = com.sakrist.HabitTracker;
				LD_RUNPATH_SEARCH_PATHS = (
					"$(inherited)",
					"@executable_path/Frameworks",
				);
				MARKETING_VERSION = 1.0.2;
				PRODUCT_BUNDLE_IDENTIFIER = com.sakrist.HabitTracker.watchkitapp;
				PRODUCT_NAME = "$(TARGET_NAME)";
				SDKROOT = watchos;
				SKIP_INSTALL = YES;
				SWIFT_EMIT_LOC_STRINGS = YES;
				SWIFT_VERSION = 5.0;
				TARGETED_DEVICE_FAMILY = 4;
				VALIDATE_PRODUCT = YES;
				WATCHOS_DEPLOYMENT_TARGET = 10.5;
			};
			name = Release;
		};
/* End XCBuildConfiguration section */

/* Begin XCConfigurationList section */
		D25246372D370617003CEBF9 /* Build configuration list for PBXNativeTarget "DailyExtension" */ = {
			isa = XCConfigurationList;
			buildConfigurations = (
				D25246382D370617003CEBF9 /* Debug */,
				D25246392D370617003CEBF9 /* Release */,
			);
			defaultConfigurationIsVisible = 0;
			defaultConfigurationName = Release;
		};
		D25A7A302CA5D64B0000E843 /* Build configuration list for PBXProject "HabitTracker" */ = {
			isa = XCConfigurationList;
			buildConfigurations = (
				D25A7A5A2CA5D64D0000E843 /* Debug */,
				D25A7A5B2CA5D64D0000E843 /* Release */,
			);
			defaultConfigurationIsVisible = 0;
			defaultConfigurationName = Release;
		};
		D25A7A5C2CA5D64D0000E843 /* Build configuration list for PBXNativeTarget "HabitTracker" */ = {
			isa = XCConfigurationList;
			buildConfigurations = (
				D25A7A5D2CA5D64D0000E843 /* Debug */,
				D25A7A5E2CA5D64D0000E843 /* Release */,
			);
			defaultConfigurationIsVisible = 0;
			defaultConfigurationName = Release;
		};
		D25A7A5F2CA5D64D0000E843 /* Build configuration list for PBXNativeTarget "HabitTrackerTests" */ = {
			isa = XCConfigurationList;
			buildConfigurations = (
				D25A7A602CA5D64D0000E843 /* Debug */,
				D25A7A612CA5D64D0000E843 /* Release */,
			);
			defaultConfigurationIsVisible = 0;
			defaultConfigurationName = Release;
		};
		D25A7A622CA5D64D0000E843 /* Build configuration list for PBXNativeTarget "HabitTrackerUITests" */ = {
			isa = XCConfigurationList;
			buildConfigurations = (
				D25A7A632CA5D64D0000E843 /* Debug */,
				D25A7A642CA5D64D0000E843 /* Release */,
			);
			defaultConfigurationIsVisible = 0;
			defaultConfigurationName = Release;
		};
		D29141282DD7E5B900B911E5 /* Build configuration list for PBXNativeTarget "HabitTrackerWatchApp" */ = {
			isa = XCConfigurationList;
			buildConfigurations = (
				D29141292DD7E5B900B911E5 /* Debug */,
				D291412A2DD7E5B900B911E5 /* Release */,
			);
			defaultConfigurationIsVisible = 0;
			defaultConfigurationName = Release;
		};
/* End XCConfigurationList section */

/* Begin XCRemoteSwiftPackageReference section */
		4F46FB512DC7D68700627B71 /* XCRemoteSwiftPackageReference "RainbowUI" */ = {
			isa = XCRemoteSwiftPackageReference;
			repositoryURL = "https://github.com/sakrist/RainbowUI.git";
			requirement = {
				branch = main;
				kind = branch;
			};
		};
		D21E00F72DA5CEC100F92490 /* XCRemoteSwiftPackageReference "ConfettiSwiftUI" */ = {
			isa = XCRemoteSwiftPackageReference;
			repositoryURL = "https://github.com/sakrist/ConfettiSwiftUI";
			requirement = {
				branch = master;
				kind = branch;
			};
		};
		D2C09DF82DA08AAC001DC17D /* XCRemoteSwiftPackageReference "JDStatusBarNotification" */ = {
			isa = XCRemoteSwiftPackageReference;
			repositoryURL = "https://github.com/calimarkus/JDStatusBarNotification.git";
			requirement = {
				kind = upToNextMajorVersion;
				minimumVersion = 2.2.4;
			};
		};
/* End XCRemoteSwiftPackageReference section */

/* Begin XCSwiftPackageProductDependency section */
		4F28D9EA2DB7A77A000D9807 /* RainbowUI */ = {
			isa = XCSwiftPackageProductDependency;
			productName = RainbowUI;
		};
		4F46FB522DC7D68700627B71 /* RainbowUI */ = {
			isa = XCSwiftPackageProductDependency;
			package = 4F46FB512DC7D68700627B71 /* XCRemoteSwiftPackageReference "RainbowUI" */;
			productName = RainbowUI;
		};
		D203113D2D3F1A0300EC980F /* ConfettiSwiftUI */ = {
			isa = XCSwiftPackageProductDependency;
			productName = ConfettiSwiftUI;
		};
		D21E00F82DA5CEC100F92490 /* ConfettiSwiftUI */ = {
			isa = XCSwiftPackageProductDependency;
			package = D21E00F72DA5CEC100F92490 /* XCRemoteSwiftPackageReference "ConfettiSwiftUI" */;
			productName = ConfettiSwiftUI;
		};
		D2C09DF92DA08AAC001DC17D /* JDStatusBarNotification */ = {
			isa = XCSwiftPackageProductDependency;
			package = D2C09DF82DA08AAC001DC17D /* XCRemoteSwiftPackageReference "JDStatusBarNotification" */;
			productName = JDStatusBarNotification;
		};
		D2DB71842D3D4BD9000DC325 /* ConfettiSwiftUI */ = {
			isa = XCSwiftPackageProductDependency;
			productName = ConfettiSwiftUI;
		};
		D2ECACD32D569E12007B83C4 /* RainbowUI */ = {
			isa = XCSwiftPackageProductDependency;
			productName = RainbowUI;
		};
/* End XCSwiftPackageProductDependency section */
	};
	rootObject = D25A7A2D2CA5D64B0000E843 /* Project object */;
}
