// !$*UTF8*$!
{
	archiveVersion = 1;
	classes = {
	};
	objectVersion = 77;
	objects = {

/* Begin PBXBuildFile section */
		D25585AA2CD02F930077F0B3 /* CalendarView.swift in Sources */ = {isa = PBXBuildFile; fileRef = D25585A92CD02F8B0077F0B3 /* CalendarView.swift */; };
		D25A7A852CA5D7EF0000E843 /* Preview Assets.xcassets in Resources */ = {isa = PBXBuildFile; fileRef = D25A7A7C2CA5D7EE0000E843 /* Preview Assets.xcassets */; };
		D25A7A862CA5D7EF0000E843 /* Assets.xcassets in Resources */ = {isa = PBXBuildFile; fileRef = D25A7A7F2CA5D7EE0000E843 /* Assets.xcassets */; };
		D25A7A882CA5D7EF0000E843 /* ContentView.swift in Sources */ = {isa = PBXBuildFile; fileRef = D25A7A802CA5D7EE0000E843 /* ContentView.swift */; };
		D25A7A892CA5D7EF0000E843 /* HabitTrackerApp.swift in Sources */ = {isa = PBXBuildFile; fileRef = D25A7A822CA5D7EE0000E843 /* HabitTrackerApp.swift */; };
		D25A7A8A2CA5D7EF0000E843 /* HabitItem.swift in Sources */ = {isa = PBXBuildFile; fileRef = D25A7A832CA5D7EE0000E843 /* HabitItem.swift */; };
		D25A7A8D2CA5D8120000E843 /* HabitTrackerTests.swift in Sources */ = {isa = PBXBuildFile; fileRef = D25A7A8B2CA5D8120000E843 /* HabitTrackerTests.swift */; };
		D25A7A912CA5D8120000E843 /* HabitTrackerUITests.swift in Sources */ = {isa = PBXBuildFile; fileRef = D25A7A8E2CA5D8120000E843 /* HabitTrackerUITests.swift */; };
		D25A7A922CA5D8120000E843 /* HabitTrackerUITestsLaunchTests.swift in Sources */ = {isa = PBXBuildFile; fileRef = D25A7A8F2CA5D8120000E843 /* HabitTrackerUITestsLaunchTests.swift */; };
		D25A7A962CA5DD460000E843 /* Color+extension.swift in Sources */ = {isa = PBXBuildFile; fileRef = D25A7A952CA5DD420000E843 /* Color+extension.swift */; };
		D25A7A9A2CA5DE4B0000E843 /* HabitItemCell.swift in Sources */ = {isa = PBXBuildFile; fileRef = D25A7A992CA5DE4B0000E843 /* HabitItemCell.swift */; };
		D28309DA2CA9B32100C6B22A /* DailyEntry.swift in Sources */ = {isa = PBXBuildFile; fileRef = D28309D92CA9B32100C6B22A /* DailyEntry.swift */; };
		D28309DD2CA9B3F200C6B22A /* SampleData.swift in Sources */ = {isa = PBXBuildFile; fileRef = D28309DC2CA9B3F200C6B22A /* SampleData.swift */; };
		D2C126482CB2DAAC005E5941 /* DailyHabitListView.swift in Sources */ = {isa = PBXBuildFile; fileRef = D2C126472CB2DA9D005E5941 /* DailyHabitListView.swift */; };
		D2C1264B2CB7371D005E5941 /* Date.swift in Sources */ = {isa = PBXBuildFile; fileRef = D2C1264A2CB73717005E5941 /* Date.swift */; };
		D2C43F302CA74F7F006AD5F5 /* HabitsListView.swift in Sources */ = {isa = PBXBuildFile; fileRef = D2C43F2F2CA74E6D006AD5F5 /* HabitsListView.swift */; };
		D2CB31472CBC1EC20097B7B4 /* ModelData.swift in Sources */ = {isa = PBXBuildFile; fileRef = D2CB31462CBC1EBB0097B7B4 /* ModelData.swift */; };
		D2CB31492CBC396B0097B7B4 /* AddHabitView.swift in Sources */ = {isa = PBXBuildFile; fileRef = D2CB31482CBC396A0097B7B4 /* AddHabitView.swift */; };
		D2D481022CD8244F00B1DF7C /* CircularProgressView.swift in Sources */ = {isa = PBXBuildFile; fileRef = D2D481012CD8244F00B1DF7C /* CircularProgressView.swift */; };
		D2D481042CD8246100B1DF7C /* WeeklyView.swift in Sources */ = {isa = PBXBuildFile; fileRef = D2D481032CD8246100B1DF7C /* WeeklyView.swift */; };
		D2D481062CD8246C00B1DF7C /* MonthlyView.swift in Sources */ = {isa = PBXBuildFile; fileRef = D2D481052CD8246C00B1DF7C /* MonthlyView.swift */; };
/* End PBXBuildFile section */

/* Begin PBXContainerItemProxy section */
		D25A7A492CA5D64D0000E843 /* PBXContainerItemProxy */ = {
			isa = PBXContainerItemProxy;
			containerPortal = D25A7A2D2CA5D64B0000E843 /* Project object */;
			proxyType = 1;
			remoteGlobalIDString = D25A7A342CA5D64B0000E843;
			remoteInfo = HabitTracker;
		};
		D25A7A532CA5D64D0000E843 /* PBXContainerItemProxy */ = {
			isa = PBXContainerItemProxy;
			containerPortal = D25A7A2D2CA5D64B0000E843 /* Project object */;
			proxyType = 1;
			remoteGlobalIDString = D25A7A342CA5D64B0000E843;
			remoteInfo = HabitTracker;
		};
/* End PBXContainerItemProxy section */

/* Begin PBXFileReference section */
		D25585A92CD02F8B0077F0B3 /* CalendarView.swift */ = {isa = PBXFileReference; lastKnownFileType = sourcecode.swift; path = CalendarView.swift; sourceTree = "<group>"; };
		D25A7A352CA5D64B0000E843 /* HabitTracker.app */ = {isa = PBXFileReference; explicitFileType = wrapper.application; includeInIndex = 0; path = HabitTracker.app; sourceTree = BUILT_PRODUCTS_DIR; };
		D25A7A482CA5D64D0000E843 /* HabitTrackerTests.xctest */ = {isa = PBXFileReference; explicitFileType = wrapper.cfbundle; includeInIndex = 0; path = HabitTrackerTests.xctest; sourceTree = BUILT_PRODUCTS_DIR; };
		D25A7A522CA5D64D0000E843 /* HabitTrackerUITests.xctest */ = {isa = PBXFileReference; explicitFileType = wrapper.cfbundle; includeInIndex = 0; path = HabitTrackerUITests.xctest; sourceTree = BUILT_PRODUCTS_DIR; };
		D25A7A7C2CA5D7EE0000E843 /* Preview Assets.xcassets */ = {isa = PBXFileReference; lastKnownFileType = folder.assetcatalog; path = "Preview Assets.xcassets"; sourceTree = "<group>"; };
		D25A7A7F2CA5D7EE0000E843 /* Assets.xcassets */ = {isa = PBXFileReference; lastKnownFileType = folder.assetcatalog; path = Assets.xcassets; sourceTree = "<group>"; };
		D25A7A802CA5D7EE0000E843 /* ContentView.swift */ = {isa = PBXFileReference; lastKnownFileType = sourcecode.swift; path = ContentView.swift; sourceTree = "<group>"; };
		D25A7A812CA5D7EE0000E843 /* HabitTracker.entitlements */ = {isa = PBXFileReference; lastKnownFileType = text.plist.entitlements; path = HabitTracker.entitlements; sourceTree = "<group>"; };
		D25A7A822CA5D7EE0000E843 /* HabitTrackerApp.swift */ = {isa = PBXFileReference; lastKnownFileType = sourcecode.swift; path = HabitTrackerApp.swift; sourceTree = "<group>"; };
		D25A7A832CA5D7EE0000E843 /* HabitItem.swift */ = {isa = PBXFileReference; lastKnownFileType = sourcecode.swift; path = HabitItem.swift; sourceTree = "<group>"; };
		D25A7A8B2CA5D8120000E843 /* HabitTrackerTests.swift */ = {isa = PBXFileReference; lastKnownFileType = sourcecode.swift; path = HabitTrackerTests.swift; sourceTree = "<group>"; };
		D25A7A8E2CA5D8120000E843 /* HabitTrackerUITests.swift */ = {isa = PBXFileReference; lastKnownFileType = sourcecode.swift; path = HabitTrackerUITests.swift; sourceTree = "<group>"; };
		D25A7A8F2CA5D8120000E843 /* HabitTrackerUITestsLaunchTests.swift */ = {isa = PBXFileReference; lastKnownFileType = sourcecode.swift; path = HabitTrackerUITestsLaunchTests.swift; sourceTree = "<group>"; };
		D25A7A952CA5DD420000E843 /* Color+extension.swift */ = {isa = PBXFileReference; lastKnownFileType = sourcecode.swift; path = "Color+extension.swift"; sourceTree = "<group>"; };
		D25A7A992CA5DE4B0000E843 /* HabitItemCell.swift */ = {isa = PBXFileReference; lastKnownFileType = sourcecode.swift; path = HabitItemCell.swift; sourceTree = "<group>"; };
		D28309D92CA9B32100C6B22A /* DailyEntry.swift */ = {isa = PBXFileReference; lastKnownFileType = sourcecode.swift; path = DailyEntry.swift; sourceTree = "<group>"; };
		D28309DC2CA9B3F200C6B22A /* SampleData.swift */ = {isa = PBXFileReference; lastKnownFileType = sourcecode.swift; path = SampleData.swift; sourceTree = "<group>"; };
		D2C126472CB2DA9D005E5941 /* DailyHabitListView.swift */ = {isa = PBXFileReference; lastKnownFileType = sourcecode.swift; path = DailyHabitListView.swift; sourceTree = "<group>"; };
		D2C1264A2CB73717005E5941 /* Date.swift */ = {isa = PBXFileReference; lastKnownFileType = sourcecode.swift; path = Date.swift; sourceTree = "<group>"; };
		D2C43F2F2CA74E6D006AD5F5 /* HabitsListView.swift */ = {isa = PBXFileReference; lastKnownFileType = sourcecode.swift; path = HabitsListView.swift; sourceTree = "<group>"; };
		D2CB31462CBC1EBB0097B7B4 /* ModelData.swift */ = {isa = PBXFileReference; lastKnownFileType = sourcecode.swift; path = ModelData.swift; sourceTree = "<group>"; };
		D2CB31482CBC396A0097B7B4 /* AddHabitView.swift */ = {isa = PBXFileReference; lastKnownFileType = sourcecode.swift; path = AddHabitView.swift; sourceTree = "<group>"; };
		D2D481012CD8244F00B1DF7C /* CircularProgressView.swift */ = {isa = PBXFileReference; lastKnownFileType = sourcecode.swift; path = CircularProgressView.swift; sourceTree = "<group>"; };
		D2D481032CD8246100B1DF7C /* WeeklyView.swift */ = {isa = PBXFileReference; lastKnownFileType = sourcecode.swift; path = WeeklyView.swift; sourceTree = "<group>"; };
		D2D481052CD8246C00B1DF7C /* MonthlyView.swift */ = {isa = PBXFileReference; lastKnownFileType = sourcecode.swift; path = MonthlyView.swift; sourceTree = "<group>"; };
/* End PBXFileReference section */

/* Begin PBXFrameworksBuildPhase section */
		D25A7A322CA5D64B0000E843 /* Frameworks */ = {
			isa = PBXFrameworksBuildPhase;
			buildActionMask = 2147483647;
			files = (
			);
			runOnlyForDeploymentPostprocessing = 0;
		};
		D25A7A452CA5D64D0000E843 /* Frameworks */ = {
			isa = PBXFrameworksBuildPhase;
			buildActionMask = 2147483647;
			files = (
			);
			runOnlyForDeploymentPostprocessing = 0;
		};
		D25A7A4F2CA5D64D0000E843 /* Frameworks */ = {
			isa = PBXFrameworksBuildPhase;
			buildActionMask = 2147483647;
			files = (
			);
			runOnlyForDeploymentPostprocessing = 0;
		};
/* End PBXFrameworksBuildPhase section */

/* Begin PBXGroup section */
		D25A7A2C2CA5D64B0000E843 = {
			isa = PBXGroup;
			children = (
				D25A7A842CA5D7EE0000E843 /* HabitTracker */,
				D25A7A8C2CA5D8120000E843 /* HabitTrackerTests */,
				D25A7A902CA5D8120000E843 /* HabitTrackerUITests */,
				D25A7A362CA5D64B0000E843 /* Products */,
			);
			sourceTree = "<group>";
		};
		D25A7A362CA5D64B0000E843 /* Products */ = {
			isa = PBXGroup;
			children = (
				D25A7A352CA5D64B0000E843 /* HabitTracker.app */,
				D25A7A482CA5D64D0000E843 /* HabitTrackerTests.xctest */,
				D25A7A522CA5D64D0000E843 /* HabitTrackerUITests.xctest */,
			);
			name = Products;
			sourceTree = "<group>";
		};
		D25A7A7D2CA5D7EE0000E843 /* Preview Content */ = {
			isa = PBXGroup;
			children = (
				D25A7A7C2CA5D7EE0000E843 /* Preview Assets.xcassets */,
			);
			path = "Preview Content";
			sourceTree = "<group>";
		};
		D25A7A842CA5D7EE0000E843 /* HabitTracker */ = {
			isa = PBXGroup;
			children = (
				D25A7A7D2CA5D7EE0000E843 /* Preview Content */,
				D25A7A812CA5D7EE0000E843 /* HabitTracker.entitlements */,
				D25A7A7F2CA5D7EE0000E843 /* Assets.xcassets */,
				D25A7A822CA5D7EE0000E843 /* HabitTrackerApp.swift */,
				D25A7A802CA5D7EE0000E843 /* ContentView.swift */,
				D25585A92CD02F8B0077F0B3 /* CalendarView.swift */,
				D2D481052CD8246C00B1DF7C /* MonthlyView.swift */,
				D2D481032CD8246100B1DF7C /* WeeklyView.swift */,
				D2D481012CD8244F00B1DF7C /* CircularProgressView.swift */,
				D2C126472CB2DA9D005E5941 /* DailyHabitListView.swift */,
				D2C43F2F2CA74E6D006AD5F5 /* HabitsListView.swift */,
				D2CB31482CBC396A0097B7B4 /* AddHabitView.swift */,
				D25A7A992CA5DE4B0000E843 /* HabitItemCell.swift */,
				D28309DB2CA9B33800C6B22A /* ModelRecords */,
				D2C126492CB7370B005E5941 /* Extensions */,
			);
			path = HabitTracker;
			sourceTree = "<group>";
		};
		D25A7A8C2CA5D8120000E843 /* HabitTrackerTests */ = {
			isa = PBXGroup;
			children = (
				D25A7A8B2CA5D8120000E843 /* HabitTrackerTests.swift */,
			);
			path = HabitTrackerTests;
			sourceTree = "<group>";
		};
		D25A7A902CA5D8120000E843 /* HabitTrackerUITests */ = {
			isa = PBXGroup;
			children = (
				D25A7A8E2CA5D8120000E843 /* HabitTrackerUITests.swift */,
				D25A7A8F2CA5D8120000E843 /* HabitTrackerUITestsLaunchTests.swift */,
			);
			path = HabitTrackerUITests;
			sourceTree = "<group>";
		};
		D28309DB2CA9B33800C6B22A /* ModelRecords */ = {
			isa = PBXGroup;
			children = (
				D28309DC2CA9B3F200C6B22A /* SampleData.swift */,
				D2CB31462CBC1EBB0097B7B4 /* ModelData.swift */,
				D25A7A832CA5D7EE0000E843 /* HabitItem.swift */,
				D28309D92CA9B32100C6B22A /* DailyEntry.swift */,
			);
			path = ModelRecords;
			sourceTree = "<group>";
		};
		D2C126492CB7370B005E5941 /* Extensions */ = {
			isa = PBXGroup;
			children = (
				D2C1264A2CB73717005E5941 /* Date.swift */,
				D25A7A952CA5DD420000E843 /* Color+extension.swift */,
			);
			path = Extensions;
			sourceTree = "<group>";
		};
/* End PBXGroup section */

/* Begin PBXNativeTarget section */
		D25A7A342CA5D64B0000E843 /* HabitTracker */ = {
			isa = PBXNativeTarget;
			buildConfigurationList = D25A7A5C2CA5D64D0000E843 /* Build configuration list for PBXNativeTarget "HabitTracker" */;
			buildPhases = (
				D25A7A312CA5D64B0000E843 /* Sources */,
				D25A7A322CA5D64B0000E843 /* Frameworks */,
				D25A7A332CA5D64B0000E843 /* Resources */,
			);
			buildRules = (
			);
			dependencies = (
			);
			name = HabitTracker;
			packageProductDependencies = (
			);
			productName = HabitTracker;
			productReference = D25A7A352CA5D64B0000E843 /* HabitTracker.app */;
			productType = "com.apple.product-type.application";
		};
		D25A7A472CA5D64D0000E843 /* HabitTrackerTests */ = {
			isa = PBXNativeTarget;
			buildConfigurationList = D25A7A5F2CA5D64D0000E843 /* Build configuration list for PBXNativeTarget "HabitTrackerTests" */;
			buildPhases = (
				D25A7A442CA5D64D0000E843 /* Sources */,
				D25A7A452CA5D64D0000E843 /* Frameworks */,
				D25A7A462CA5D64D0000E843 /* Resources */,
			);
			buildRules = (
			);
			dependencies = (
				D25A7A4A2CA5D64D0000E843 /* PBXTargetDependency */,
			);
			name = HabitTrackerTests;
			packageProductDependencies = (
			);
			productName = HabitTrackerTests;
			productReference = D25A7A482CA5D64D0000E843 /* HabitTrackerTests.xctest */;
			productType = "com.apple.product-type.bundle.unit-test";
		};
		D25A7A512CA5D64D0000E843 /* HabitTrackerUITests */ = {
			isa = PBXNativeTarget;
			buildConfigurationList = D25A7A622CA5D64D0000E843 /* Build configuration list for PBXNativeTarget "HabitTrackerUITests" */;
			buildPhases = (
				D25A7A4E2CA5D64D0000E843 /* Sources */,
				D25A7A4F2CA5D64D0000E843 /* Frameworks */,
				D25A7A502CA5D64D0000E843 /* Resources */,
			);
			buildRules = (
			);
			dependencies = (
				D25A7A542CA5D64D0000E843 /* PBXTargetDependency */,
			);
			name = HabitTrackerUITests;
			packageProductDependencies = (
			);
			productName = HabitTrackerUITests;
			productReference = D25A7A522CA5D64D0000E843 /* HabitTrackerUITests.xctest */;
			productType = "com.apple.product-type.bundle.ui-testing";
		};
/* End PBXNativeTarget section */

/* Begin PBXProject section */
		D25A7A2D2CA5D64B0000E843 /* Project object */ = {
			isa = PBXProject;
			attributes = {
				BuildIndependentTargetsInParallel = 1;
				LastSwiftUpdateCheck = 1600;
				LastUpgradeCheck = 1600;
				TargetAttributes = {
					D25A7A342CA5D64B0000E843 = {
						CreatedOnToolsVersion = 16.0;
					};
					D25A7A472CA5D64D0000E843 = {
						CreatedOnToolsVersion = 16.0;
						TestTargetID = D25A7A342CA5D64B0000E843;
					};
					D25A7A512CA5D64D0000E843 = {
						CreatedOnToolsVersion = 16.0;
						TestTargetID = D25A7A342CA5D64B0000E843;
					};
				};
			};
			buildConfigurationList = D25A7A302CA5D64B0000E843 /* Build configuration list for PBXProject "HabitTracker" */;
			developmentRegion = en;
			hasScannedForEncodings = 0;
			knownRegions = (
				en,
				Base,
			);
			mainGroup = D25A7A2C2CA5D64B0000E843;
			minimizedProjectReferenceProxies = 1;
			preferredProjectObjectVersion = 77;
			productRefGroup = D25A7A362CA5D64B0000E843 /* Products */;
			projectDirPath = "";
			projectRoot = "";
			targets = (
				D25A7A342CA5D64B0000E843 /* HabitTracker */,
				D25A7A472CA5D64D0000E843 /* HabitTrackerTests */,
				D25A7A512CA5D64D0000E843 /* HabitTrackerUITests */,
			);
		};
/* End PBXProject section */

/* Begin PBXResourcesBuildPhase section */
		D25A7A332CA5D64B0000E843 /* Resources */ = {
			isa = PBXResourcesBuildPhase;
			buildActionMask = 2147483647;
			files = (
				D25A7A852CA5D7EF0000E843 /* Preview Assets.xcassets in Resources */,
				D25A7A862CA5D7EF0000E843 /* Assets.xcassets in Resources */,
			);
			runOnlyForDeploymentPostprocessing = 0;
		};
		D25A7A462CA5D64D0000E843 /* Resources */ = {
			isa = PBXResourcesBuildPhase;
			buildActionMask = 2147483647;
			files = (
			);
			runOnlyForDeploymentPostprocessing = 0;
		};
		D25A7A502CA5D64D0000E843 /* Resources */ = {
			isa = PBXResourcesBuildPhase;
			buildActionMask = 2147483647;
			files = (
			);
			runOnlyForDeploymentPostprocessing = 0;
		};
/* End PBXResourcesBuildPhase section */

/* Begin PBXSourcesBuildPhase section */
		D25A7A312CA5D64B0000E843 /* Sources */ = {
			isa = PBXSourcesBuildPhase;
			buildActionMask = 2147483647;
			files = (
				D25585AA2CD02F930077F0B3 /* CalendarView.swift in Sources */,
				D25A7A9A2CA5DE4B0000E843 /* HabitItemCell.swift in Sources */,
				D2D481062CD8246C00B1DF7C /* MonthlyView.swift in Sources */,
				D2D481042CD8246100B1DF7C /* WeeklyView.swift in Sources */,
				D2C1264B2CB7371D005E5941 /* Date.swift in Sources */,
				D25A7A962CA5DD460000E843 /* Color+extension.swift in Sources */,
				D28309DA2CA9B32100C6B22A /* DailyEntry.swift in Sources */,
				D2C126482CB2DAAC005E5941 /* DailyHabitListView.swift in Sources */,
				D2CB31492CBC396B0097B7B4 /* AddHabitView.swift in Sources */,
				D25A7A882CA5D7EF0000E843 /* ContentView.swift in Sources */,
				D25A7A892CA5D7EF0000E843 /* HabitTrackerApp.swift in Sources */,
				D28309DD2CA9B3F200C6B22A /* SampleData.swift in Sources */,
				D2D481022CD8244F00B1DF7C /* CircularProgressView.swift in Sources */,
				D25A7A8A2CA5D7EF0000E843 /* HabitItem.swift in Sources */,
				D2C43F302CA74F7F006AD5F5 /* HabitsListView.swift in Sources */,
				D2CB31472CBC1EC20097B7B4 /* ModelData.swift in Sources */,
			);
			runOnlyForDeploymentPostprocessing = 0;
		};
		D25A7A442CA5D64D0000E843 /* Sources */ = {
			isa = PBXSourcesBuildPhase;
			buildActionMask = 2147483647;
			files = (
				D25A7A8D2CA5D8120000E843 /* HabitTrackerTests.swift in Sources */,
			);
			runOnlyForDeploymentPostprocessing = 0;
		};
		D25A7A4E2CA5D64D0000E843 /* Sources */ = {
			isa = PBXSourcesBuildPhase;
			buildActionMask = 2147483647;
			files = (
				D25A7A912CA5D8120000E843 /* HabitTrackerUITests.swift in Sources */,
				D25A7A922CA5D8120000E843 /* HabitTrackerUITestsLaunchTests.swift in Sources */,
			);
			runOnlyForDeploymentPostprocessing = 0;
		};
/* End PBXSourcesBuildPhase section */

/* Begin PBXTargetDependency section */
		D25A7A4A2CA5D64D0000E843 /* PBXTargetDependency */ = {
			isa = PBXTargetDependency;
			target = D25A7A342CA5D64B0000E843 /* HabitTracker */;
			targetProxy = D25A7A492CA5D64D0000E843 /* PBXContainerItemProxy */;
		};
		D25A7A542CA5D64D0000E843 /* PBXTargetDependency */ = {
			isa = PBXTargetDependency;
			target = D25A7A342CA5D64B0000E843 /* HabitTracker */;
			targetProxy = D25A7A532CA5D64D0000E843 /* PBXContainerItemProxy */;
		};
/* End PBXTargetDependency section */

/* Begin XCBuildConfiguration section */
		D25A7A5A2CA5D64D0000E843 /* Debug */ = {
			isa = XCBuildConfiguration;
			buildSettings = {
				ALWAYS_SEARCH_USER_PATHS = NO;
				ASSETCATALOG_COMPILER_GENERATE_SWIFT_ASSET_SYMBOL_EXTENSIONS = YES;
				CLANG_ANALYZER_NONNULL = YES;
				CLANG_ANALYZER_NUMBER_OBJECT_CONVERSION = YES_AGGRESSIVE;
				CLANG_CXX_LANGUAGE_STANDARD = "gnu++20";
				CLANG_ENABLE_MODULES = YES;
				CLANG_ENABLE_OBJC_ARC = YES;
				CLANG_ENABLE_OBJC_WEAK = YES;
				CLANG_WARN_BLOCK_CAPTURE_AUTORELEASING = YES;
				CLANG_WARN_BOOL_CONVERSION = YES;
				CLANG_WARN_COMMA = YES;
				CLANG_WARN_CONSTANT_CONVERSION = YES;
				CLANG_WARN_DEPRECATED_OBJC_IMPLEMENTATIONS = YES;
				CLANG_WARN_DIRECT_OBJC_ISA_USAGE = YES_ERROR;
				CLANG_WARN_DOCUMENTATION_COMMENTS = YES;
				CLANG_WARN_EMPTY_BODY = YES;
				CLANG_WARN_ENUM_CONVERSION = YES;
				CLANG_WARN_INFINITE_RECURSION = YES;
				CLANG_WARN_INT_CONVERSION = YES;
				CLANG_WARN_NON_LITERAL_NULL_CONVERSION = YES;
				CLANG_WARN_OBJC_IMPLICIT_RETAIN_SELF = YES;
				CLANG_WARN_OBJC_LITERAL_CONVERSION = YES;
				CLANG_WARN_OBJC_ROOT_CLASS = YES_ERROR;
				CLANG_WARN_QUOTED_INCLUDE_IN_FRAMEWORK_HEADER = YES;
				CLANG_WARN_RANGE_LOOP_ANALYSIS = YES;
				CLANG_WARN_STRICT_PROTOTYPES = YES;
				CLANG_WARN_SUSPICIOUS_MOVE = YES;
				CLANG_WARN_UNGUARDED_AVAILABILITY = YES_AGGRESSIVE;
				CLANG_WARN_UNREACHABLE_CODE = YES;
				CLANG_WARN__DUPLICATE_METHOD_MATCH = YES;
				COPY_PHASE_STRIP = NO;
				DEBUG_INFORMATION_FORMAT = dwarf;
				ENABLE_STRICT_OBJC_MSGSEND = YES;
				ENABLE_TESTABILITY = YES;
				ENABLE_USER_SCRIPT_SANDBOXING = YES;
				GCC_C_LANGUAGE_STANDARD = gnu17;
				GCC_DYNAMIC_NO_PIC = NO;
				GCC_NO_COMMON_BLOCKS = YES;
				GCC_OPTIMIZATION_LEVEL = 0;
				GCC_PREPROCESSOR_DEFINITIONS = (
					"DEBUG=1",
					"$(inherited)",
				);
				GCC_WARN_64_TO_32_BIT_CONVERSION = YES;
				GCC_WARN_ABOUT_RETURN_TYPE = YES_ERROR;
				GCC_WARN_UNDECLARED_SELECTOR = YES;
				GCC_WARN_UNINITIALIZED_AUTOS = YES_AGGRESSIVE;
				GCC_WARN_UNUSED_FUNCTION = YES;
				GCC_WARN_UNUSED_VARIABLE = YES;
				LOCALIZATION_PREFERS_STRING_CATALOGS = YES;
				MTL_ENABLE_DEBUG_INFO = INCLUDE_SOURCE;
				MTL_FAST_MATH = YES;
				ONLY_ACTIVE_ARCH = YES;
				SWIFT_ACTIVE_COMPILATION_CONDITIONS = "DEBUG $(inherited)";
				SWIFT_OPTIMIZATION_LEVEL = "-Onone";
			};
			name = Debug;
		};
		D25A7A5B2CA5D64D0000E843 /* Release */ = {
			isa = XCBuildConfiguration;
			buildSettings = {
				ALWAYS_SEARCH_USER_PATHS = NO;
				ASSETCATALOG_COMPILER_GENERATE_SWIFT_ASSET_SYMBOL_EXTENSIONS = YES;
				CLANG_ANALYZER_NONNULL = YES;
				CLANG_ANALYZER_NUMBER_OBJECT_CONVERSION = YES_AGGRESSIVE;
				CLANG_CXX_LANGUAGE_STANDARD = "gnu++20";
				CLANG_ENABLE_MODULES = YES;
				CLANG_ENABLE_OBJC_ARC = YES;
				CLANG_ENABLE_OBJC_WEAK = YES;
				CLANG_WARN_BLOCK_CAPTURE_AUTORELEASING = YES;
				CLANG_WARN_BOOL_CONVERSION = YES;
				CLANG_WARN_COMMA = YES;
				CLANG_WARN_CONSTANT_CONVERSION = YES;
				CLANG_WARN_DEPRECATED_OBJC_IMPLEMENTATIONS = YES;
				CLANG_WARN_DIRECT_OBJC_ISA_USAGE = YES_ERROR;
				CLANG_WARN_DOCUMENTATION_COMMENTS = YES;
				CLANG_WARN_EMPTY_BODY = YES;
				CLANG_WARN_ENUM_CONVERSION = YES;
				CLANG_WARN_INFINITE_RECURSION = YES;
				CLANG_WARN_INT_CONVERSION = YES;
				CLANG_WARN_NON_LITERAL_NULL_CONVERSION = YES;
				CLANG_WARN_OBJC_IMPLICIT_RETAIN_SELF = YES;
				CLANG_WARN_OBJC_LITERAL_CONVERSION = YES;
				CLANG_WARN_OBJC_ROOT_CLASS = YES_ERROR;
				CLANG_WARN_QUOTED_INCLUDE_IN_FRAMEWORK_HEADER = YES;
				CLANG_WARN_RANGE_LOOP_ANALYSIS = YES;
				CLANG_WARN_STRICT_PROTOTYPES = YES;
				CLANG_WARN_SUSPICIOUS_MOVE = YES;
				CLANG_WARN_UNGUARDED_AVAILABILITY = YES_AGGRESSIVE;
				CLANG_WARN_UNREACHABLE_CODE = YES;
				CLANG_WARN__DUPLICATE_METHOD_MATCH = YES;
				COPY_PHASE_STRIP = NO;
				DEBUG_INFORMATION_FORMAT = "dwarf-with-dsym";
				ENABLE_NS_ASSERTIONS = NO;
				ENABLE_STRICT_OBJC_MSGSEND = YES;
				ENABLE_USER_SCRIPT_SANDBOXING = YES;
				GCC_C_LANGUAGE_STANDARD = gnu17;
				GCC_NO_COMMON_BLOCKS = YES;
				GCC_WARN_64_TO_32_BIT_CONVERSION = YES;
				GCC_WARN_ABOUT_RETURN_TYPE = YES_ERROR;
				GCC_WARN_UNDECLARED_SELECTOR = YES;
				GCC_WARN_UNINITIALIZED_AUTOS = YES_AGGRESSIVE;
				GCC_WARN_UNUSED_FUNCTION = YES;
				GCC_WARN_UNUSED_VARIABLE = YES;
				LOCALIZATION_PREFERS_STRING_CATALOGS = YES;
				MTL_ENABLE_DEBUG_INFO = NO;
				MTL_FAST_MATH = YES;
				SWIFT_COMPILATION_MODE = wholemodule;
			};
			name = Release;
		};
		D25A7A5D2CA5D64D0000E843 /* Debug */ = {
			isa = XCBuildConfiguration;
			buildSettings = {
				ASSETCATALOG_COMPILER_APPICON_NAME = AppIcon;
				ASSETCATALOG_COMPILER_GLOBAL_ACCENT_COLOR_NAME = AccentColor;
				CODE_SIGN_ENTITLEMENTS = HabitTracker/HabitTracker.entitlements;
				CODE_SIGN_STYLE = Automatic;
				CURRENT_PROJECT_VERSION = 1;
				DEVELOPMENT_ASSET_PATHS = "\"HabitTracker/Preview Content\"";
				DEVELOPMENT_TEAM = DHKZ7WR43P;
				ENABLE_HARDENED_RUNTIME = YES;
				ENABLE_PREVIEWS = YES;
				GENERATE_INFOPLIST_FILE = YES;
				"INFOPLIST_KEY_UIApplicationSceneManifest_Generation[sdk=iphoneos*]" = YES;
				"INFOPLIST_KEY_UIApplicationSceneManifest_Generation[sdk=iphonesimulator*]" = YES;
				"INFOPLIST_KEY_UIApplicationSupportsIndirectInputEvents[sdk=iphoneos*]" = YES;
				"INFOPLIST_KEY_UIApplicationSupportsIndirectInputEvents[sdk=iphonesimulator*]" = YES;
				"INFOPLIST_KEY_UILaunchScreen_Generation[sdk=iphoneos*]" = YES;
				"INFOPLIST_KEY_UILaunchScreen_Generation[sdk=iphonesimulator*]" = YES;
				"INFOPLIST_KEY_UIStatusBarStyle[sdk=iphoneos*]" = UIStatusBarStyleDefault;
				"INFOPLIST_KEY_UIStatusBarStyle[sdk=iphonesimulator*]" = UIStatusBarStyleDefault;
				INFOPLIST_KEY_UISupportedInterfaceOrientations_iPad = "UIInterfaceOrientationPortrait UIInterfaceOrientationPortraitUpsideDown UIInterfaceOrientationLandscapeLeft UIInterfaceOrientationLandscapeRight";
				INFOPLIST_KEY_UISupportedInterfaceOrientations_iPhone = "UIInterfaceOrientationPortrait UIInterfaceOrientationLandscapeLeft UIInterfaceOrientationLandscapeRight";
				IPHONEOS_DEPLOYMENT_TARGET = 18.0;
				LD_RUNPATH_SEARCH_PATHS = "@executable_path/Frameworks";
				"LD_RUNPATH_SEARCH_PATHS[sdk=macosx*]" = "@executable_path/../Frameworks";
				MACOSX_DEPLOYMENT_TARGET = 14.0;
				MARKETING_VERSION = 1.0;
				PRODUCT_BUNDLE_IDENTIFIER = com.sakrist.HabitTracker;
				PRODUCT_NAME = "$(TARGET_NAME)";
				SDKROOT = auto;
				SUPPORTED_PLATFORMS = "iphoneos iphonesimulator macosx xros xrsimulator";
				SWIFT_EMIT_LOC_STRINGS = YES;
				SWIFT_VERSION = 5.0;
				TARGETED_DEVICE_FAMILY = "1,2,7";
				XROS_DEPLOYMENT_TARGET = 2.0;
			};
			name = Debug;
		};
		D25A7A5E2CA5D64D0000E843 /* Release */ = {
			isa = XCBuildConfiguration;
			buildSettings = {
				ASSETCATALOG_COMPILER_APPICON_NAME = AppIcon;
				ASSETCATALOG_COMPILER_GLOBAL_ACCENT_COLOR_NAME = AccentColor;
				CODE_SIGN_ENTITLEMENTS = HabitTracker/HabitTracker.entitlements;
				CODE_SIGN_STYLE = Automatic;
				CURRENT_PROJECT_VERSION = 1;
				DEVELOPMENT_ASSET_PATHS = "\"HabitTracker/Preview Content\"";
				DEVELOPMENT_TEAM = DHKZ7WR43P;
				ENABLE_HARDENED_RUNTIME = YES;
				ENABLE_PREVIEWS = YES;
				GENERATE_INFOPLIST_FILE = YES;
				"INFOPLIST_KEY_UIApplicationSceneManifest_Generation[sdk=iphoneos*]" = YES;
				"INFOPLIST_KEY_UIApplicationSceneManifest_Generation[sdk=iphonesimulator*]" = YES;
				"INFOPLIST_KEY_UIApplicationSupportsIndirectInputEvents[sdk=iphoneos*]" = YES;
				"INFOPLIST_KEY_UIApplicationSupportsIndirectInputEvents[sdk=iphonesimulator*]" = YES;
				"INFOPLIST_KEY_UILaunchScreen_Generation[sdk=iphoneos*]" = YES;
				"INFOPLIST_KEY_UILaunchScreen_Generation[sdk=iphonesimulator*]" = YES;
				"INFOPLIST_KEY_UIStatusBarStyle[sdk=iphoneos*]" = UIStatusBarStyleDefault;
				"INFOPLIST_KEY_UIStatusBarStyle[sdk=iphonesimulator*]" = UIStatusBarStyleDefault;
				INFOPLIST_KEY_UISupportedInterfaceOrientations_iPad = "UIInterfaceOrientationPortrait UIInterfaceOrientationPortraitUpsideDown UIInterfaceOrientationLandscapeLeft UIInterfaceOrientationLandscapeRight";
				INFOPLIST_KEY_UISupportedInterfaceOrientations_iPhone = "UIInterfaceOrientationPortrait UIInterfaceOrientationLandscapeLeft UIInterfaceOrientationLandscapeRight";
				IPHONEOS_DEPLOYMENT_TARGET = 18.0;
				LD_RUNPATH_SEARCH_PATHS = "@executable_path/Frameworks";
				"LD_RUNPATH_SEARCH_PATHS[sdk=macosx*]" = "@executable_path/../Frameworks";
				MACOSX_DEPLOYMENT_TARGET = 14.0;
				MARKETING_VERSION = 1.0;
				PRODUCT_BUNDLE_IDENTIFIER = com.sakrist.HabitTracker;
				PRODUCT_NAME = "$(TARGET_NAME)";
				SDKROOT = auto;
				SUPPORTED_PLATFORMS = "iphoneos iphonesimulator macosx xros xrsimulator";
				SWIFT_EMIT_LOC_STRINGS = YES;
				SWIFT_VERSION = 5.0;
				TARGETED_DEVICE_FAMILY = "1,2,7";
				XROS_DEPLOYMENT_TARGET = 2.0;
			};
			name = Release;
		};
		D25A7A602CA5D64D0000E843 /* Debug */ = {
			isa = XCBuildConfiguration;
			buildSettings = {
				BUNDLE_LOADER = "$(TEST_HOST)";
				CODE_SIGN_STYLE = Automatic;
				CURRENT_PROJECT_VERSION = 1;
				DEVELOPMENT_TEAM = DHKZ7WR43P;
				GENERATE_INFOPLIST_FILE = YES;
				IPHONEOS_DEPLOYMENT_TARGET = 18.0;
				MACOSX_DEPLOYMENT_TARGET = 15.0;
				MARKETING_VERSION = 1.0;
				PRODUCT_BUNDLE_IDENTIFIER = com.sakrist.HabitTrackerTests;
				PRODUCT_NAME = "$(TARGET_NAME)";
				SDKROOT = auto;
				SUPPORTED_PLATFORMS = "iphoneos iphonesimulator macosx xros xrsimulator";
				SWIFT_EMIT_LOC_STRINGS = NO;
				SWIFT_VERSION = 5.0;
				TARGETED_DEVICE_FAMILY = "1,2,7";
				TEST_HOST = "$(BUILT_PRODUCTS_DIR)/HabitTracker.app/$(BUNDLE_EXECUTABLE_FOLDER_PATH)/HabitTracker";
				XROS_DEPLOYMENT_TARGET = 2.0;
			};
			name = Debug;
		};
		D25A7A612CA5D64D0000E843 /* Release */ = {
			isa = XCBuildConfiguration;
			buildSettings = {
				BUNDLE_LOADER = "$(TEST_HOST)";
				CODE_SIGN_STYLE = Automatic;
				CURRENT_PROJECT_VERSION = 1;
				DEVELOPMENT_TEAM = DHKZ7WR43P;
				GENERATE_INFOPLIST_FILE = YES;
				IPHONEOS_DEPLOYMENT_TARGET = 18.0;
				MACOSX_DEPLOYMENT_TARGET = 15.0;
				MARKETING_VERSION = 1.0;
				PRODUCT_BUNDLE_IDENTIFIER = com.sakrist.HabitTrackerTests;
				PRODUCT_NAME = "$(TARGET_NAME)";
				SDKROOT = auto;
				SUPPORTED_PLATFORMS = "iphoneos iphonesimulator macosx xros xrsimulator";
				SWIFT_EMIT_LOC_STRINGS = NO;
				SWIFT_VERSION = 5.0;
				TARGETED_DEVICE_FAMILY = "1,2,7";
				TEST_HOST = "$(BUILT_PRODUCTS_DIR)/HabitTracker.app/$(BUNDLE_EXECUTABLE_FOLDER_PATH)/HabitTracker";
				XROS_DEPLOYMENT_TARGET = 2.0;
			};
			name = Release;
		};
		D25A7A632CA5D64D0000E843 /* Debug */ = {
			isa = XCBuildConfiguration;
			buildSettings = {
				CODE_SIGN_STYLE = Automatic;
				CURRENT_PROJECT_VERSION = 1;
				DEVELOPMENT_TEAM = DHKZ7WR43P;
				GENERATE_INFOPLIST_FILE = YES;
				IPHONEOS_DEPLOYMENT_TARGET = 18.0;
				MACOSX_DEPLOYMENT_TARGET = 15.0;
				MARKETING_VERSION = 1.0;
				PRODUCT_BUNDLE_IDENTIFIER = com.sakrist.HabitTrackerUITests;
				PRODUCT_NAME = "$(TARGET_NAME)";
				SDKROOT = auto;
				SUPPORTED_PLATFORMS = "iphoneos iphonesimulator macosx xros xrsimulator";
				SWIFT_EMIT_LOC_STRINGS = NO;
				SWIFT_VERSION = 5.0;
				TARGETED_DEVICE_FAMILY = "1,2,7";
				TEST_TARGET_NAME = HabitTracker;
				XROS_DEPLOYMENT_TARGET = 2.0;
			};
			name = Debug;
		};
		D25A7A642CA5D64D0000E843 /* Release */ = {
			isa = XCBuildConfiguration;
			buildSettings = {
				CODE_SIGN_STYLE = Automatic;
				CURRENT_PROJECT_VERSION = 1;
				DEVELOPMENT_TEAM = DHKZ7WR43P;
				GENERATE_INFOPLIST_FILE = YES;
				IPHONEOS_DEPLOYMENT_TARGET = 18.0;
				MACOSX_DEPLOYMENT_TARGET = 15.0;
				MARKETING_VERSION = 1.0;
				PRODUCT_BUNDLE_IDENTIFIER = com.sakrist.HabitTrackerUITests;
				PRODUCT_NAME = "$(TARGET_NAME)";
				SDKROOT = auto;
				SUPPORTED_PLATFORMS = "iphoneos iphonesimulator macosx xros xrsimulator";
				SWIFT_EMIT_LOC_STRINGS = NO;
				SWIFT_VERSION = 5.0;
				TARGETED_DEVICE_FAMILY = "1,2,7";
				TEST_TARGET_NAME = HabitTracker;
				XROS_DEPLOYMENT_TARGET = 2.0;
			};
			name = Release;
		};
/* End XCBuildConfiguration section */

/* Begin XCConfigurationList section */
		D25A7A302CA5D64B0000E843 /* Build configuration list for PBXProject "HabitTracker" */ = {
			isa = XCConfigurationList;
			buildConfigurations = (
				D25A7A5A2CA5D64D0000E843 /* Debug */,
				D25A7A5B2CA5D64D0000E843 /* Release */,
			);
			defaultConfigurationIsVisible = 0;
			defaultConfigurationName = Release;
		};
		D25A7A5C2CA5D64D0000E843 /* Build configuration list for PBXNativeTarget "HabitTracker" */ = {
			isa = XCConfigurationList;
			buildConfigurations = (
				D25A7A5D2CA5D64D0000E843 /* Debug */,
				D25A7A5E2CA5D64D0000E843 /* Release */,
			);
			defaultConfigurationIsVisible = 0;
			defaultConfigurationName = Release;
		};
		D25A7A5F2CA5D64D0000E843 /* Build configuration list for PBXNativeTarget "HabitTrackerTests" */ = {
			isa = XCConfigurationList;
			buildConfigurations = (
				D25A7A602CA5D64D0000E843 /* Debug */,
				D25A7A612CA5D64D0000E843 /* Release */,
			);
			defaultConfigurationIsVisible = 0;
			defaultConfigurationName = Release;
		};
		D25A7A622CA5D64D0000E843 /* Build configuration list for PBXNativeTarget "HabitTrackerUITests" */ = {
			isa = XCConfigurationList;
			buildConfigurations = (
				D25A7A632CA5D64D0000E843 /* Debug */,
				D25A7A642CA5D64D0000E843 /* Release */,
			);
			defaultConfigurationIsVisible = 0;
			defaultConfigurationName = Release;
		};
/* End XCConfigurationList section */
	};
	rootObject = D25A7A2D2CA5D64B0000E843 /* Project object */;
}
