{
  "originHash" : "7ae333829d71d8d3d88c098d45498c9fc5070521d66c5bfebf2d852d5c1664c5",
  "pins" : [
    {
      "identity" : "confettiswiftui",
      "kind" : "remoteSourceControl",
      "location" : "https://github.com/sakrist/ConfettiSwiftUI",
      "state" : {
        "branch" : "master",
        "revision" : "ffc46c1b1e208a4e93224ddf5db49ff5da0659d3"
      }
    },
    {
      "identity" : "jdstatusbarnotification",
      "kind" : "remoteSourceControl",
      "location" : "https://github.com/calimarkus/JDStatusBarNotification.git",
      "state" : {
        "revision" : "8214549f7e2a472174a743c4f9bf64f005f6aacc",
        "version" : "2.2.4"
      }
    },
    {
      "identity" : "rainbowui",
      "kind" : "remoteSourceControl",
      "location" : "https://github.com/sakrist/RainbowUI.git",
      "state" : {
        "branch" : "main",
        "revision" : "a07e1dee2c56f18b050d794c86bcf686fd28a51e"
      }
    }
  ],
  "version" : 3
}
