{
  "originHash" : "c8b2d7946316e9dfe52e340b2df785c4f739068f841d15c37b5a18ff1f72c19c",
  "pins" : [
    {
      "identity" : "jdstatusbarnotification",
      "kind" : "remoteSourceControl",
      "location" : "https://github.com/calimarkus/JDStatusBarNotification.git",
      "state" : {
        "revision" : "8214549f7e2a472174a743c4f9bf64f005f6aacc",
        "version" : "2.2.4"
      }
    }
  ],
  "version" : 3
}
